PODS:
  - OneSignalXCFramework (3.12.5):
    - OneSignalXCFramework/OneSignalCore (= 3.12.5)
    - OneSignalXCFramework/OneSignalExtension (= 3.12.5)
    - OneSignalXCFramework/OneSignalOutcomes (= 3.12.5)
  - OneSignalXCFramework/OneSignalCore (3.12.5)
  - OneSignalXCFramework/OneSignalExtension (3.12.5):
    - OneSignalXCFramework/OneSignalCore
    - OneSignalXCFramework/OneSignalOutcomes
  - OneSignalXCFramework/OneSignalOutcomes (3.12.5):
    - OneSignalXCFramework/OneSignalCore

DEPENDENCIES:
  - OneSignalXCFramework (< 4.0, >= 3.0.0)

SPEC REPOS:
  trunk:
    - OneSignalXCFramework

SPEC CHECKSUMS:
  OneSignalXCFramework: 4afdd14f6fa769eadf141209037e3eac5890beb9

PODFILE CHECKSUM: 726b799c71bff334a58b5eaa6af6f50687809abe

COCOAPODS: 1.15.2
