PODS:
  - Alamofire (4.9.1)
  - Charts (3.6.0):
    - Charts/Core (= 3.6.0)
  - Charts/Core (3.6.0)
  - IQKeyboardManagerSwift (6.5.9)
  - OneSignal (3.11.2):
    - OneSignal/OneSignalCore (= 3.11.2)
    - OneSignal/OneSignalExtension (= 3.11.2)
    - OneSignal/OneSignalOutcomes (= 3.11.2)
  - OneSignal/OneSignalCore (3.11.2)
  - OneSignal/OneSignalExtension (3.11.2):
    - OneSignal/OneSignalCore
    - OneSignal/OneSignalOutcomes
  - OneSignal/OneSignalOutcomes (3.11.2):
    - OneSignal/OneSignalCore

DEPENDENCIES:
  - Alamofire (~> 4.5)
  - Charts
  - IQKeyboardManagerSwift
  - OneSignal (< 4.0, >= 3.0.0)

SPEC REPOS:
  trunk:
    - Alamofire
    - Charts
    - IQKeyboardManagerSwift
    - OneSignal

SPEC CHECKSUMS:
  Alamofire: 85e8a02c69d6020a0d734f6054870d7ecb75cf18
  Charts: b1e3a1f5a1c9ba5394438ca3b91bd8c9076310af
  IQKeyboardManagerSwift: 6e839c575c4aa1078d58a596e41244e77abe918f
  OneSignal: 8861a1407c321ca1ae59d3adca6286eb7caf9d6e

PODFILE CHECKSUM: 15af826a3917ebed390bd3fcb1bc568196401640

COCOAPODS: 1.11.2
