// !$*UTF8*$!
{
	archiveVersion = 1;
	classes = {
	};
	objectVersion = 51;
	objects = {

/* Begin PBXBuildFile section */
		0444BB14276B56D700D7F0E9 /* Permissions.xib in Resources */ = {isa = PBXBuildFile; fileRef = 0444BB13276B56D700D7F0E9 /* Permissions.xib */; };
		0444BB16276B6AD800D7F0E9 /* TextView.xib in Resources */ = {isa = PBXBuildFile; fileRef = 0444BB15276B6AD800D7F0E9 /* TextView.xib */; };
		0465B60E27718F720062228C /* WeeklySurvey.xib in Resources */ = {isa = PBXBuildFile; fileRef = 0465B60D27718F720062228C /* WeeklySurvey.xib */; };
		0465B61427719A910062228C /* WeeklySurvey.swift in Sources */ = {isa = PBXBuildFile; fileRef = 0465B61227719A910062228C /* WeeklySurvey.swift */; };
		0465B61A27719E990062228C /* QuestionCell.swift in Sources */ = {isa = PBXBuildFile; fileRef = 0465B61827719E990062228C /* QuestionCell.swift */; };
		0465B61B27719E990062228C /* QuestionCell.xib in Resources */ = {isa = PBXBuildFile; fileRef = 0465B61927719E990062228C /* QuestionCell.xib */; };
		0465B628277216480062228C /* Reminder.swift in Sources */ = {isa = PBXBuildFile; fileRef = 0465B626277216480062228C /* Reminder.swift */; };
		0465B629277216480062228C /* Reminder.xib in Resources */ = {isa = PBXBuildFile; fileRef = 0465B627277216480062228C /* Reminder.xib */; };
		046BD74A276C46BD0011A883 /* QuestionFlow.xib in Resources */ = {isa = PBXBuildFile; fileRef = 046BD749276C46BD0011A883 /* QuestionFlow.xib */; };
		046BD756276C6C860011A883 /* Permissions.swift in Sources */ = {isa = PBXBuildFile; fileRef = 046BD755276C6C860011A883 /* Permissions.swift */; };
		046BD75B276C6D5C0011A883 /* TextView.swift in Sources */ = {isa = PBXBuildFile; fileRef = 046BD75A276C6D5C0011A883 /* TextView.swift */; };
		049BCA8D2773075500481C95 /* DataViewController.swift in Sources */ = {isa = PBXBuildFile; fileRef = 049BCA8C2773075500481C95 /* DataViewController.swift */; };
		04B14C95277045C800A4B989 /* HomePageViewController.swift in Sources */ = {isa = PBXBuildFile; fileRef = 04B14C94277045C800A4B989 /* HomePageViewController.swift */; };
		1C491022D63C0CA5B15EB214 /* SharedFunctions.swift in Sources */ = {isa = PBXBuildFile; fileRef = 1C49163FDF42B00199E54702 /* SharedFunctions.swift */; };
		1C491222D118D576114E5619 /* QuestionFlows.swift in Sources */ = {isa = PBXBuildFile; fileRef = 1C49103482D37F76A9CDB070 /* QuestionFlows.swift */; };
		1C49134A427E4EC80D5907E8 /* QuestionFlow.swift in Sources */ = {isa = PBXBuildFile; fileRef = 1C491B91F3532D760A3649CB /* QuestionFlow.swift */; };
		1C4913AD630B92A241DE121E /* CNAME in Resources */ = {isa = PBXBuildFile; fileRef = 1C491A478BD7051B28E220BD /* CNAME */; };
		1C49194B488FD313FD6C1023 /* SettingsSections.swift in Sources */ = {isa = PBXBuildFile; fileRef = 1C491CD6EC59C0666AA0A479 /* SettingsSections.swift */; };
		1C491B3550D9FA5FCBF53FAB /* SharedFunctions.swift in Sources */ = {isa = PBXBuildFile; fileRef = 1C49163FDF42B00199E54702 /* SharedFunctions.swift */; };
		1C491E437C9F2A5E6D4CF49D /* ViewControllersNames.swift in Sources */ = {isa = PBXBuildFile; fileRef = 1C49163F4A062ABDF63C426B /* ViewControllersNames.swift */; };
		225505435BC966E4AEDF2799 /* Pods_Cozie_CozieUITests.framework in Frameworks */ = {isa = PBXBuildFile; fileRef = E3453AB1591C9514FAB3D5F0 /* Pods_Cozie_CozieUITests.framework */; };
		269A1B12C72080077E2CC424 /* Pods_OneSignalNotificationServiceExtension.framework in Frameworks */ = {isa = PBXBuildFile; fileRef = 4209BB7BEF91765C76FF708C /* Pods_OneSignalNotificationServiceExtension.framework */; };
		29048F2F27797D190086DCC5 /* BasePopupVC.swift in Sources */ = {isa = PBXBuildFile; fileRef = 29048F2E27797D190086DCC5 /* BasePopupVC.swift */; };
		294A9A8A2786EBE1003416BA /* PersistentStorage.swift in Sources */ = {isa = PBXBuildFile; fileRef = 29C268652786C17E00DC5C22 /* PersistentStorage.swift */; };
		294A9A8E2786EBE8003416BA /* Cozie.xcdatamodeld in Sources */ = {isa = PBXBuildFile; fileRef = 29C268672786C1A800DC5C22 /* Cozie.xcdatamodeld */; };
		294A9A8F2786EBEC003416BA /* CoreDataManager.swift in Sources */ = {isa = PBXBuildFile; fileRef = 29C2686A2786C6C500DC5C22 /* CoreDataManager.swift */; };
		299604CF277B1734003A326E /* Constant.swift in Sources */ = {isa = PBXBuildFile; fileRef = 299604CE277B1734003A326E /* Constant.swift */; };
		29B824A0276CA5AA00BB002D /* Extension.swift in Sources */ = {isa = PBXBuildFile; fileRef = 29B8249F276CA5AA00BB002D /* Extension.swift */; };
		29B824A5276CBAD600BB002D /* NavigationManager.swift in Sources */ = {isa = PBXBuildFile; fileRef = 29B824A4276CBAD600BB002D /* NavigationManager.swift */; };
		29C268662786C17E00DC5C22 /* PersistentStorage.swift in Sources */ = {isa = PBXBuildFile; fileRef = 29C268652786C17E00DC5C22 /* PersistentStorage.swift */; };
		29C268692786C1A800DC5C22 /* Cozie.xcdatamodeld in Sources */ = {isa = PBXBuildFile; fileRef = 29C268672786C1A800DC5C22 /* Cozie.xcdatamodeld */; };
		29C2686B2786C6C500DC5C22 /* CoreDataManager.swift in Sources */ = {isa = PBXBuildFile; fileRef = 29C2686A2786C6C500DC5C22 /* CoreDataManager.swift */; };
		29CCF172276B10D700AA3E32 /* UserDefaults.swift in Sources */ = {isa = PBXBuildFile; fileRef = 29CCF171276B10D700AA3E32 /* UserDefaults.swift */; };
		29CCF1B2276C6F0700AA3E32 /* ParticipationDays.swift in Sources */ = {isa = PBXBuildFile; fileRef = 29CCF1B0276C6F0700AA3E32 /* ParticipationDays.swift */; };
		29CCF1B3276C6F0700AA3E32 /* ParticipationDays.xib in Resources */ = {isa = PBXBuildFile; fileRef = 29CCF1B1276C6F0700AA3E32 /* ParticipationDays.xib */; };
		29CCF1B7276C91BB00AA3E32 /* ReminderFrequency.swift in Sources */ = {isa = PBXBuildFile; fileRef = 29CCF1B5276C91BB00AA3E32 /* ReminderFrequency.swift */; };
		29CCF1B8276C91BB00AA3E32 /* NotificationFrequency.xib in Resources */ = {isa = PBXBuildFile; fileRef = 29CCF1B6276C91BB00AA3E32 /* NotificationFrequency.xib */; };
		29CCF1BE276C93CB00AA3E32 /* DailyParticipation.swift in Sources */ = {isa = PBXBuildFile; fileRef = 29CCF1BC276C93CB00AA3E32 /* DailyParticipation.swift */; };
		29CCF1BF276C93CB00AA3E32 /* DailyParticipation.xib in Resources */ = {isa = PBXBuildFile; fileRef = 29CCF1BD276C93CB00AA3E32 /* DailyParticipation.xib */; };
		29E7F942276DEA7C008B0E8D /* HealthKitSetupAssistant.swift in Sources */ = {isa = PBXBuildFile; fileRef = 29E7F941276DEA7C008B0E8D /* HealthKitSetupAssistant.swift */; };
		29E7F945276DEE25008B0E8D /* ProfileDataStore.swift in Sources */ = {isa = PBXBuildFile; fileRef = 29E7F944276DEE25008B0E8D /* ProfileDataStore.swift */; };
		6923254D27A5050600DBE6C5 /* NotificationHelper.swift in Sources */ = {isa = PBXBuildFile; fileRef = 6923254C27A5050600DBE6C5 /* NotificationHelper.swift */; };
		6B49B9EEB64A434ACFCF6443 /* Pods_Cozie.framework in Frameworks */ = {isa = PBXBuildFile; fileRef = 3F9806C8543340A04AEF2006 /* Pods_Cozie.framework */; };
		8E57EB93499DCC05D1B85DFB /* Pods_CozieTests.framework in Frameworks */ = {isa = PBXBuildFile; fileRef = 36683D0C593EEC4970C0D5D4 /* Pods_CozieTests.framework */; };
		CA7A1ED328A14BBB007F8AA1 /* LaunchScreen.storyboard in Resources */ = {isa = PBXBuildFile; fileRef = CA7A1ED228A14BBB007F8AA1 /* LaunchScreen.storyboard */; };
		CA7A1EDA28A27FBE007F8AA1 /* BaseRepository.swift in Sources */ = {isa = PBXBuildFile; fileRef = CA7A1ED928A27FBE007F8AA1 /* BaseRepository.swift */; };
		CA7A1EDC28A2855C007F8AA1 /* HealthRepository.swift in Sources */ = {isa = PBXBuildFile; fileRef = CA7A1EDB28A2855C007F8AA1 /* HealthRepository.swift */; };
		CA7A1EDD28A28847007F8AA1 /* Constant.swift in Sources */ = {isa = PBXBuildFile; fileRef = 299604CE277B1734003A326E /* Constant.swift */; };
		CA93DB4B28A3F50A00CA88C0 /* NoiseMeterControlle.swift in Sources */ = {isa = PBXBuildFile; fileRef = CA93DB4A28A3F50A00CA88C0 /* NoiseMeterControlle.swift */; };
		CAE93E1128A0E6F700DD9C1B /* BackgroundUpdateController.swift in Sources */ = {isa = PBXBuildFile; fileRef = CAE93E1028A0E6F700DD9C1B /* BackgroundUpdateController.swift */; };
		E4256F86251C4E5A00CF32A4 /* Pods_Cozie_WatchKit_App.framework in Frameworks */ = {isa = PBXBuildFile; fileRef = C18B444E3E86547088180A30 /* Pods_Cozie_WatchKit_App.framework */; };
		E4256F90251C4E6D00CF32A4 /* HealthKit.framework in Frameworks */ = {isa = PBXBuildFile; fileRef = E4E3088A24B6F7840029FC0C /* HealthKit.framework */; };
		E4256F96251C4E6F00CF32A4 /* Pods_Cozie_WatchKit_Extension.framework in Frameworks */ = {isa = PBXBuildFile; fileRef = 5D13B295106D8AE1F96907F3 /* Pods_Cozie_WatchKit_Extension.framework */; };
		E43882E224B44880007EBE4C /* CollectionViewCell.swift in Sources */ = {isa = PBXBuildFile; fileRef = E43882E124B44880007EBE4C /* CollectionViewCell.swift */; };
		E43B70ED282CA1EF0030873B /* QuestionFlows.swift in Sources */ = {isa = PBXBuildFile; fileRef = 1C49103482D37F76A9CDB070 /* QuestionFlows.swift */; };
		E43CAA7C24C80DE600461DD1 /* SettingsViewController.swift in Sources */ = {isa = PBXBuildFile; fileRef = E43CAA7B24C80DE600461DD1 /* SettingsViewController.swift */; };
		E43CAA8624C80F5500461DD1 /* SettingsCell.swift in Sources */ = {isa = PBXBuildFile; fileRef = E43CAA8424C80F5500461DD1 /* SettingsCell.swift */; };
		E43CAA9724CE805F00461DD1 /* ComplicationController.swift in Sources */ = {isa = PBXBuildFile; fileRef = E43CAA9624CE805F00461DD1 /* ComplicationController.swift */; };
		E469469E24BC54EC0013134B /* Utilities.swift in Sources */ = {isa = PBXBuildFile; fileRef = E469469D24BC54EC0013134B /* Utilities.swift */; };
		E46946A524BC5D400013134B /* GoogleService-Info.plist in Resources */ = {isa = PBXBuildFile; fileRef = E46946A124BC5D3F0013134B /* GoogleService-Info.plist */; };
		E47351E3247D0F5D0079D11A /* HealthKit.framework in Frameworks */ = {isa = PBXBuildFile; fileRef = E47351E2247D0F5D0079D11A /* HealthKit.framework */; };
		E474676F24DBA49200D1F7AC /* HealthStore.swift in Sources */ = {isa = PBXBuildFile; fileRef = E474676E24DBA49200D1F7AC /* HealthStore.swift */; };
		E4838248247BA33A002C3708 /* AppDelegate.swift in Sources */ = {isa = PBXBuildFile; fileRef = E4838247247BA33A002C3708 /* AppDelegate.swift */; };
		E483824F247BA33A002C3708 /* Main.storyboard in Resources */ = {isa = PBXBuildFile; fileRef = E483824D247BA33A002C3708 /* Main.storyboard */; };
		E4838251247BA33B002C3708 /* Assets.xcassets in Resources */ = {isa = PBXBuildFile; fileRef = E4838250247BA33B002C3708 /* Assets.xcassets */; };
		E483825F247BA33B002C3708 /* CozieTests.swift in Sources */ = {isa = PBXBuildFile; fileRef = E483825E247BA33B002C3708 /* CozieTests.swift */; };
		E483826A247BA33B002C3708 /* CozieUITests.swift in Sources */ = {isa = PBXBuildFile; fileRef = E4838269247BA33B002C3708 /* CozieUITests.swift */; };
		E483826F247BA33B002C3708 /* Cozie WatchKit App.app in Embed Watch Content */ = {isa = PBXBuildFile; fileRef = E483826E247BA33B002C3708 /* Cozie WatchKit App.app */; settings = {ATTRIBUTES = (RemoveHeadersOnCopy, ); }; };
		E4838275247BA33B002C3708 /* Interface.storyboard in Resources */ = {isa = PBXBuildFile; fileRef = E4838273247BA33B002C3708 /* Interface.storyboard */; };
		E4838277247BA33C002C3708 /* Assets.xcassets in Resources */ = {isa = PBXBuildFile; fileRef = E4838276247BA33C002C3708 /* Assets.xcassets */; };
		E483827E247BA33C002C3708 /* Cozie WatchKit Extension.appex in Embed App Extensions */ = {isa = PBXBuildFile; fileRef = E483827D247BA33C002C3708 /* Cozie WatchKit Extension.appex */; settings = {ATTRIBUTES = (RemoveHeadersOnCopy, ); }; };
		E4838283247BA33C002C3708 /* InterfaceController.swift in Sources */ = {isa = PBXBuildFile; fileRef = E4838282247BA33C002C3708 /* InterfaceController.swift */; };
		E4838285247BA33C002C3708 /* ExtensionDelegate.swift in Sources */ = {isa = PBXBuildFile; fileRef = E4838284247BA33C002C3708 /* ExtensionDelegate.swift */; };
		E4838287247BA33C002C3708 /* NotificationController.swift in Sources */ = {isa = PBXBuildFile; fileRef = E4838286247BA33C002C3708 /* NotificationController.swift */; };
		E4838289247BA33C002C3708 /* Assets.xcassets in Resources */ = {isa = PBXBuildFile; fileRef = E4838288247BA33C002C3708 /* Assets.xcassets */; };
		E4BCBEAB247E0AE100A5BE43 /* RowController.swift in Sources */ = {isa = PBXBuildFile; fileRef = E4BCBEAA247E0AE100A5BE43 /* RowController.swift */; };
		E4C5D9D4249CA4B500228A15 /* NotificationService.swift in Sources */ = {isa = PBXBuildFile; fileRef = E4C5D9D3249CA4B500228A15 /* NotificationService.swift */; };
		E4C5D9D8249CA4B500228A15 /* OneSignalNotificationServiceExtension.appex in Embed App Extensions */ = {isa = PBXBuildFile; fileRef = E4C5D9D1249CA4B500228A15 /* OneSignalNotificationServiceExtension.appex */; settings = {ATTRIBUTES = (RemoveHeadersOnCopy, ); }; };
/* End PBXBuildFile section */

/* Begin PBXContainerItemProxy section */
		ACB45E082836097200C16C25 /* PBXContainerItemProxy */ = {
			isa = PBXContainerItemProxy;
			containerPortal = E483823C247BA33A002C3708 /* Project object */;
			proxyType = 1;
			remoteGlobalIDString = E483826D247BA33B002C3708;
			remoteInfo = "Cozie WatchKit App";
		};
		E483825B247BA33B002C3708 /* PBXContainerItemProxy */ = {
			isa = PBXContainerItemProxy;
			containerPortal = E483823C247BA33A002C3708 /* Project object */;
			proxyType = 1;
			remoteGlobalIDString = E4838243247BA33A002C3708;
			remoteInfo = Cozie;
		};
		E4838266247BA33B002C3708 /* PBXContainerItemProxy */ = {
			isa = PBXContainerItemProxy;
			containerPortal = E483823C247BA33A002C3708 /* Project object */;
			proxyType = 1;
			remoteGlobalIDString = E4838243247BA33A002C3708;
			remoteInfo = Cozie;
		};
		E483827F247BA33C002C3708 /* PBXContainerItemProxy */ = {
			isa = PBXContainerItemProxy;
			containerPortal = E483823C247BA33A002C3708 /* Project object */;
			proxyType = 1;
			remoteGlobalIDString = E483827C247BA33C002C3708;
			remoteInfo = "Cozie WatchKit Extension";
		};
		E4C5D9D6249CA4B500228A15 /* PBXContainerItemProxy */ = {
			isa = PBXContainerItemProxy;
			containerPortal = E483823C247BA33A002C3708 /* Project object */;
			proxyType = 1;
			remoteGlobalIDString = E4C5D9D0249CA4B500228A15;
			remoteInfo = OneSignalNotificationServiceExtension;
		};
/* End PBXContainerItemProxy section */

/* Begin PBXCopyFilesBuildPhase section */
		E4838291247BA33C002C3708 /* Embed App Extensions */ = {
			isa = PBXCopyFilesBuildPhase;
			buildActionMask = 2147483647;
			dstPath = "";
			dstSubfolderSpec = 13;
			files = (
				E483827E247BA33C002C3708 /* Cozie WatchKit Extension.appex in Embed App Extensions */,
			);
			name = "Embed App Extensions";
			runOnlyForDeploymentPostprocessing = 0;
		};
		E4838295247BA33C002C3708 /* Embed Watch Content */ = {
			isa = PBXCopyFilesBuildPhase;
			buildActionMask = 2147483647;
			dstPath = "$(CONTENTS_FOLDER_PATH)/Watch";
			dstSubfolderSpec = 16;
			files = (
				E483826F247BA33B002C3708 /* Cozie WatchKit App.app in Embed Watch Content */,
			);
			name = "Embed Watch Content";
			runOnlyForDeploymentPostprocessing = 0;
		};
		E4C5D9D9249CA4B500228A15 /* Embed App Extensions */ = {
			isa = PBXCopyFilesBuildPhase;
			buildActionMask = 2147483647;
			dstPath = "";
			dstSubfolderSpec = 13;
			files = (
				E4C5D9D8249CA4B500228A15 /* OneSignalNotificationServiceExtension.appex in Embed App Extensions */,
			);
			name = "Embed App Extensions";
			runOnlyForDeploymentPostprocessing = 0;
		};
/* End PBXCopyFilesBuildPhase section */

/* Begin PBXFileReference section */
		029739FA684C19B22A89AEA0 /* Pods-OneSignalNotificationServiceExtension.release.xcconfig */ = {isa = PBXFileReference; includeInIndex = 1; lastKnownFileType = text.xcconfig; name = "Pods-OneSignalNotificationServiceExtension.release.xcconfig"; path = "Target Support Files/Pods-OneSignalNotificationServiceExtension/Pods-OneSignalNotificationServiceExtension.release.xcconfig"; sourceTree = "<group>"; };
		0444BB13276B56D700D7F0E9 /* Permissions.xib */ = {isa = PBXFileReference; lastKnownFileType = file.xib; path = Permissions.xib; sourceTree = "<group>"; };
		0444BB15276B6AD800D7F0E9 /* TextView.xib */ = {isa = PBXFileReference; lastKnownFileType = file.xib; path = TextView.xib; sourceTree = "<group>"; };
		0465B60D27718F720062228C /* WeeklySurvey.xib */ = {isa = PBXFileReference; lastKnownFileType = file.xib; path = WeeklySurvey.xib; sourceTree = "<group>"; };
		0465B61227719A910062228C /* WeeklySurvey.swift */ = {isa = PBXFileReference; lastKnownFileType = sourcecode.swift; path = WeeklySurvey.swift; sourceTree = "<group>"; };
		0465B61827719E990062228C /* QuestionCell.swift */ = {isa = PBXFileReference; lastKnownFileType = sourcecode.swift; path = QuestionCell.swift; sourceTree = "<group>"; };
		0465B61927719E990062228C /* QuestionCell.xib */ = {isa = PBXFileReference; lastKnownFileType = file.xib; path = QuestionCell.xib; sourceTree = "<group>"; };
		0465B626277216480062228C /* Reminder.swift */ = {isa = PBXFileReference; fileEncoding = 4; lastKnownFileType = sourcecode.swift; path = Reminder.swift; sourceTree = "<group>"; };
		0465B627277216480062228C /* Reminder.xib */ = {isa = PBXFileReference; fileEncoding = 4; lastKnownFileType = file.xib; path = Reminder.xib; sourceTree = "<group>"; };
		046BD749276C46BD0011A883 /* QuestionFlow.xib */ = {isa = PBXFileReference; lastKnownFileType = file.xib; path = QuestionFlow.xib; sourceTree = "<group>"; };
		046BD755276C6C860011A883 /* Permissions.swift */ = {isa = PBXFileReference; lastKnownFileType = sourcecode.swift; path = Permissions.swift; sourceTree = "<group>"; };
		046BD75A276C6D5C0011A883 /* TextView.swift */ = {isa = PBXFileReference; lastKnownFileType = sourcecode.swift; path = TextView.swift; sourceTree = "<group>"; };
		049BCA8C2773075500481C95 /* DataViewController.swift */ = {isa = PBXFileReference; lastKnownFileType = sourcecode.swift; path = DataViewController.swift; sourceTree = "<group>"; };
		04B14C94277045C800A4B989 /* HomePageViewController.swift */ = {isa = PBXFileReference; lastKnownFileType = sourcecode.swift; path = HomePageViewController.swift; sourceTree = "<group>"; };
		1C49103482D37F76A9CDB070 /* QuestionFlows.swift */ = {isa = PBXFileReference; fileEncoding = 4; lastKnownFileType = sourcecode.swift; path = QuestionFlows.swift; sourceTree = "<group>"; };
		1C49163F4A062ABDF63C426B /* ViewControllersNames.swift */ = {isa = PBXFileReference; fileEncoding = 4; lastKnownFileType = sourcecode.swift; path = ViewControllersNames.swift; sourceTree = "<group>"; };
		1C49163FDF42B00199E54702 /* SharedFunctions.swift */ = {isa = PBXFileReference; fileEncoding = 4; lastKnownFileType = sourcecode.swift; path = SharedFunctions.swift; sourceTree = "<group>"; };
		1C491A478BD7051B28E220BD /* CNAME */ = {isa = PBXFileReference; fileEncoding = 4; lastKnownFileType = text; name = CNAME; path = "my-website/static/CNAME"; sourceTree = "<group>"; };
		1C491B91F3532D760A3649CB /* QuestionFlow.swift */ = {isa = PBXFileReference; fileEncoding = 4; lastKnownFileType = sourcecode.swift; path = QuestionFlow.swift; sourceTree = "<group>"; };
		1C491CD6EC59C0666AA0A479 /* SettingsSections.swift */ = {isa = PBXFileReference; fileEncoding = 4; lastKnownFileType = sourcecode.swift; path = SettingsSections.swift; sourceTree = "<group>"; };
		20B3F0100A1BF6639B8DA26B /* Pods-CozieTests.release.xcconfig */ = {isa = PBXFileReference; includeInIndex = 1; lastKnownFileType = text.xcconfig; name = "Pods-CozieTests.release.xcconfig"; path = "Target Support Files/Pods-CozieTests/Pods-CozieTests.release.xcconfig"; sourceTree = "<group>"; };
		23683DAA0C5C23122C666635 /* Pods-Cozie WatchKit App.debug.xcconfig */ = {isa = PBXFileReference; includeInIndex = 1; lastKnownFileType = text.xcconfig; name = "Pods-Cozie WatchKit App.debug.xcconfig"; path = "Target Support Files/Pods-Cozie WatchKit App/Pods-Cozie WatchKit App.debug.xcconfig"; sourceTree = "<group>"; };
		24EBB708F02EA81173799CD6 /* Pods-OneSignalNotificationServiceExtension.debug.xcconfig */ = {isa = PBXFileReference; includeInIndex = 1; lastKnownFileType = text.xcconfig; name = "Pods-OneSignalNotificationServiceExtension.debug.xcconfig"; path = "Target Support Files/Pods-OneSignalNotificationServiceExtension/Pods-OneSignalNotificationServiceExtension.debug.xcconfig"; sourceTree = "<group>"; };
		29048F2E27797D190086DCC5 /* BasePopupVC.swift */ = {isa = PBXFileReference; lastKnownFileType = sourcecode.swift; path = BasePopupVC.swift; sourceTree = "<group>"; };
		299604CE277B1734003A326E /* Constant.swift */ = {isa = PBXFileReference; lastKnownFileType = sourcecode.swift; path = Constant.swift; sourceTree = "<group>"; };
		29B8249F276CA5AA00BB002D /* Extension.swift */ = {isa = PBXFileReference; lastKnownFileType = sourcecode.swift; path = Extension.swift; sourceTree = "<group>"; };
		29B824A4276CBAD600BB002D /* NavigationManager.swift */ = {isa = PBXFileReference; lastKnownFileType = sourcecode.swift; path = NavigationManager.swift; sourceTree = "<group>"; };
		29C268652786C17E00DC5C22 /* PersistentStorage.swift */ = {isa = PBXFileReference; lastKnownFileType = sourcecode.swift; path = PersistentStorage.swift; sourceTree = "<group>"; };
		29C268682786C1A800DC5C22 /* Cozie.xcdatamodel */ = {isa = PBXFileReference; lastKnownFileType = wrapper.xcdatamodel; path = Cozie.xcdatamodel; sourceTree = "<group>"; };
		29C2686A2786C6C500DC5C22 /* CoreDataManager.swift */ = {isa = PBXFileReference; lastKnownFileType = sourcecode.swift; path = CoreDataManager.swift; sourceTree = "<group>"; };
		29CCF171276B10D700AA3E32 /* UserDefaults.swift */ = {isa = PBXFileReference; lastKnownFileType = sourcecode.swift; path = UserDefaults.swift; sourceTree = "<group>"; };
		29CCF1B0276C6F0700AA3E32 /* ParticipationDays.swift */ = {isa = PBXFileReference; lastKnownFileType = sourcecode.swift; path = ParticipationDays.swift; sourceTree = "<group>"; };
		29CCF1B1276C6F0700AA3E32 /* ParticipationDays.xib */ = {isa = PBXFileReference; lastKnownFileType = file.xib; path = ParticipationDays.xib; sourceTree = "<group>"; };
		29CCF1B5276C91BB00AA3E32 /* ReminderFrequency.swift */ = {isa = PBXFileReference; lastKnownFileType = sourcecode.swift; path = ReminderFrequency.swift; sourceTree = "<group>"; };
		29CCF1B6276C91BB00AA3E32 /* NotificationFrequency.xib */ = {isa = PBXFileReference; lastKnownFileType = file.xib; path = NotificationFrequency.xib; sourceTree = "<group>"; };
		29CCF1BC276C93CB00AA3E32 /* DailyParticipation.swift */ = {isa = PBXFileReference; lastKnownFileType = sourcecode.swift; path = DailyParticipation.swift; sourceTree = "<group>"; };
		29CCF1BD276C93CB00AA3E32 /* DailyParticipation.xib */ = {isa = PBXFileReference; lastKnownFileType = file.xib; path = DailyParticipation.xib; sourceTree = "<group>"; };
		29E7F941276DEA7C008B0E8D /* HealthKitSetupAssistant.swift */ = {isa = PBXFileReference; lastKnownFileType = sourcecode.swift; path = HealthKitSetupAssistant.swift; sourceTree = "<group>"; };
		29E7F944276DEE25008B0E8D /* ProfileDataStore.swift */ = {isa = PBXFileReference; lastKnownFileType = sourcecode.swift; path = ProfileDataStore.swift; sourceTree = "<group>"; };
		36683D0C593EEC4970C0D5D4 /* Pods_CozieTests.framework */ = {isa = PBXFileReference; explicitFileType = wrapper.framework; includeInIndex = 0; path = Pods_CozieTests.framework; sourceTree = BUILT_PRODUCTS_DIR; };
		3F9806C8543340A04AEF2006 /* Pods_Cozie.framework */ = {isa = PBXFileReference; explicitFileType = wrapper.framework; includeInIndex = 0; path = Pods_Cozie.framework; sourceTree = BUILT_PRODUCTS_DIR; };
		4209BB7BEF91765C76FF708C /* Pods_OneSignalNotificationServiceExtension.framework */ = {isa = PBXFileReference; explicitFileType = wrapper.framework; includeInIndex = 0; path = Pods_OneSignalNotificationServiceExtension.framework; sourceTree = BUILT_PRODUCTS_DIR; };
		4BB80C40C6B15250CD0AFD92 /* Pods-Cozie.debug.xcconfig */ = {isa = PBXFileReference; includeInIndex = 1; lastKnownFileType = text.xcconfig; name = "Pods-Cozie.debug.xcconfig"; path = "Target Support Files/Pods-Cozie/Pods-Cozie.debug.xcconfig"; sourceTree = "<group>"; };
		5AB05C20320F1CE38697D8EF /* Pods-Cozie-CozieUITests.release.xcconfig */ = {isa = PBXFileReference; includeInIndex = 1; lastKnownFileType = text.xcconfig; name = "Pods-Cozie-CozieUITests.release.xcconfig"; path = "Target Support Files/Pods-Cozie-CozieUITests/Pods-Cozie-CozieUITests.release.xcconfig"; sourceTree = "<group>"; };
		5BF82B1BDF5D667872E7DE48 /* Pods-Cozie.release.xcconfig */ = {isa = PBXFileReference; includeInIndex = 1; lastKnownFileType = text.xcconfig; name = "Pods-Cozie.release.xcconfig"; path = "Target Support Files/Pods-Cozie/Pods-Cozie.release.xcconfig"; sourceTree = "<group>"; };
		5D13B295106D8AE1F96907F3 /* Pods_Cozie_WatchKit_Extension.framework */ = {isa = PBXFileReference; explicitFileType = wrapper.framework; includeInIndex = 0; path = Pods_Cozie_WatchKit_Extension.framework; sourceTree = BUILT_PRODUCTS_DIR; };
		6369B47D4E1243CA06BCE652 /* Pods-Cozie-CozieUITests.debug.xcconfig */ = {isa = PBXFileReference; includeInIndex = 1; lastKnownFileType = text.xcconfig; name = "Pods-Cozie-CozieUITests.debug.xcconfig"; path = "Target Support Files/Pods-Cozie-CozieUITests/Pods-Cozie-CozieUITests.debug.xcconfig"; sourceTree = "<group>"; };
		6923254C27A5050600DBE6C5 /* NotificationHelper.swift */ = {isa = PBXFileReference; lastKnownFileType = sourcecode.swift; path = NotificationHelper.swift; sourceTree = "<group>"; };
		AC4C40BFE7DD8E6AF6ECFB9F /* Pods-Cozie WatchKit App.release.xcconfig */ = {isa = PBXFileReference; includeInIndex = 1; lastKnownFileType = text.xcconfig; name = "Pods-Cozie WatchKit App.release.xcconfig"; path = "Target Support Files/Pods-Cozie WatchKit App/Pods-Cozie WatchKit App.release.xcconfig"; sourceTree = "<group>"; };
		BB8D34C0F968BCA86B97D168 /* Pods-Cozie WatchKit Extension.release.xcconfig */ = {isa = PBXFileReference; includeInIndex = 1; lastKnownFileType = text.xcconfig; name = "Pods-Cozie WatchKit Extension.release.xcconfig"; path = "Target Support Files/Pods-Cozie WatchKit Extension/Pods-Cozie WatchKit Extension.release.xcconfig"; sourceTree = "<group>"; };
		C18B444E3E86547088180A30 /* Pods_Cozie_WatchKit_App.framework */ = {isa = PBXFileReference; explicitFileType = wrapper.framework; includeInIndex = 0; path = Pods_Cozie_WatchKit_App.framework; sourceTree = BUILT_PRODUCTS_DIR; };
		CA7A1ED228A14BBB007F8AA1 /* LaunchScreen.storyboard */ = {isa = PBXFileReference; lastKnownFileType = file.storyboard; path = LaunchScreen.storyboard; sourceTree = "<group>"; };
		CA7A1ED928A27FBE007F8AA1 /* BaseRepository.swift */ = {isa = PBXFileReference; lastKnownFileType = sourcecode.swift; path = BaseRepository.swift; sourceTree = "<group>"; };
		CA7A1EDB28A2855C007F8AA1 /* HealthRepository.swift */ = {isa = PBXFileReference; lastKnownFileType = sourcecode.swift; path = HealthRepository.swift; sourceTree = "<group>"; };
		CA93DB4A28A3F50A00CA88C0 /* NoiseMeterControlle.swift */ = {isa = PBXFileReference; lastKnownFileType = sourcecode.swift; path = NoiseMeterControlle.swift; sourceTree = "<group>"; };
		CA93DB4C28A5100F00CA88C0 /* OneSignalNotificationServiceExtensionRelease.entitlements */ = {isa = PBXFileReference; fileEncoding = 4; lastKnownFileType = text.plist.entitlements; path = OneSignalNotificationServiceExtensionRelease.entitlements; sourceTree = "<group>"; };
		CA93DB4D28A5107200CA88C0 /* CozieRelease.entitlements */ = {isa = PBXFileReference; lastKnownFileType = text.plist.entitlements; path = CozieRelease.entitlements; sourceTree = "<group>"; };
		CAC0411528A139B300007E47 /* Cozie WatchKit ExtensionDebug.entitlements */ = {isa = PBXFileReference; fileEncoding = 4; lastKnownFileType = text.plist.entitlements; path = "Cozie WatchKit ExtensionDebug.entitlements"; sourceTree = "<group>"; };
		CAE93E1028A0E6F700DD9C1B /* BackgroundUpdateController.swift */ = {isa = PBXFileReference; fileEncoding = 4; lastKnownFileType = sourcecode.swift; path = BackgroundUpdateController.swift; sourceTree = "<group>"; };
		D11CE09FE61289B084867083 /* Pods-Cozie WatchKit Extension.debug.xcconfig */ = {isa = PBXFileReference; includeInIndex = 1; lastKnownFileType = text.xcconfig; name = "Pods-Cozie WatchKit Extension.debug.xcconfig"; path = "Target Support Files/Pods-Cozie WatchKit Extension/Pods-Cozie WatchKit Extension.debug.xcconfig"; sourceTree = "<group>"; };
		E3453AB1591C9514FAB3D5F0 /* Pods_Cozie_CozieUITests.framework */ = {isa = PBXFileReference; explicitFileType = wrapper.framework; includeInIndex = 0; path = Pods_Cozie_CozieUITests.framework; sourceTree = BUILT_PRODUCTS_DIR; };
		E437EF5E24C6F1A5008BC6FF /* Cozie WatchKit App.entitlements */ = {isa = PBXFileReference; lastKnownFileType = text.plist.entitlements; path = "Cozie WatchKit App.entitlements"; sourceTree = "<group>"; };
		E43882E124B44880007EBE4C /* CollectionViewCell.swift */ = {isa = PBXFileReference; lastKnownFileType = sourcecode.swift; path = CollectionViewCell.swift; sourceTree = "<group>"; };
		E43CAA7B24C80DE600461DD1 /* SettingsViewController.swift */ = {isa = PBXFileReference; lastKnownFileType = sourcecode.swift; path = SettingsViewController.swift; sourceTree = "<group>"; };
		E43CAA8424C80F5500461DD1 /* SettingsCell.swift */ = {isa = PBXFileReference; fileEncoding = 4; lastKnownFileType = sourcecode.swift; path = SettingsCell.swift; sourceTree = "<group>"; };
		E43CAA9624CE805F00461DD1 /* ComplicationController.swift */ = {isa = PBXFileReference; lastKnownFileType = sourcecode.swift; path = ComplicationController.swift; sourceTree = "<group>"; };
		E469469D24BC54EC0013134B /* Utilities.swift */ = {isa = PBXFileReference; lastKnownFileType = sourcecode.swift; path = Utilities.swift; sourceTree = "<group>"; };
		E46946A124BC5D3F0013134B /* GoogleService-Info.plist */ = {isa = PBXFileReference; fileEncoding = 4; lastKnownFileType = text.plist.xml; path = "GoogleService-Info.plist"; sourceTree = "<group>"; };
		E47351E1247D0F5D0079D11A /* Cozie.entitlements */ = {isa = PBXFileReference; lastKnownFileType = text.plist.entitlements; path = Cozie.entitlements; sourceTree = "<group>"; };
		E47351E2247D0F5D0079D11A /* HealthKit.framework */ = {isa = PBXFileReference; lastKnownFileType = wrapper.framework; name = HealthKit.framework; path = System/Library/Frameworks/HealthKit.framework; sourceTree = SDKROOT; };
		E474676E24DBA49200D1F7AC /* HealthStore.swift */ = {isa = PBXFileReference; lastKnownFileType = sourcecode.swift; path = HealthStore.swift; sourceTree = "<group>"; };
		E4838244247BA33A002C3708 /* Cozie Thesh.app */ = {isa = PBXFileReference; explicitFileType = wrapper.application; includeInIndex = 0; path = "Cozie Thesh.app"; sourceTree = BUILT_PRODUCTS_DIR; };
		E4838247247BA33A002C3708 /* AppDelegate.swift */ = {isa = PBXFileReference; lastKnownFileType = sourcecode.swift; path = AppDelegate.swift; sourceTree = "<group>"; };
		E483824E247BA33A002C3708 /* Base */ = {isa = PBXFileReference; lastKnownFileType = file.storyboard; name = Base; path = Base.lproj/Main.storyboard; sourceTree = "<group>"; };
		E4838250247BA33B002C3708 /* Assets.xcassets */ = {isa = PBXFileReference; lastKnownFileType = folder.assetcatalog; path = Assets.xcassets; sourceTree = "<group>"; };
		E4838255247BA33B002C3708 /* Info.plist */ = {isa = PBXFileReference; lastKnownFileType = text.plist.xml; path = Info.plist; sourceTree = "<group>"; };
		E483825A247BA33B002C3708 /* CozieTests.xctest */ = {isa = PBXFileReference; explicitFileType = wrapper.cfbundle; includeInIndex = 0; path = CozieTests.xctest; sourceTree = BUILT_PRODUCTS_DIR; };
		E483825E247BA33B002C3708 /* CozieTests.swift */ = {isa = PBXFileReference; lastKnownFileType = sourcecode.swift; path = CozieTests.swift; sourceTree = "<group>"; };
		E4838260247BA33B002C3708 /* Info.plist */ = {isa = PBXFileReference; lastKnownFileType = text.plist.xml; path = Info.plist; sourceTree = "<group>"; };
		E4838265247BA33B002C3708 /* CozieUITests.xctest */ = {isa = PBXFileReference; explicitFileType = wrapper.cfbundle; includeInIndex = 0; path = CozieUITests.xctest; sourceTree = BUILT_PRODUCTS_DIR; };
		E4838269247BA33B002C3708 /* CozieUITests.swift */ = {isa = PBXFileReference; lastKnownFileType = sourcecode.swift; path = CozieUITests.swift; sourceTree = "<group>"; };
		E483826B247BA33B002C3708 /* Info.plist */ = {isa = PBXFileReference; lastKnownFileType = text.plist.xml; path = Info.plist; sourceTree = "<group>"; };
		E483826E247BA33B002C3708 /* Cozie WatchKit App.app */ = {isa = PBXFileReference; explicitFileType = wrapper.application; includeInIndex = 0; path = "Cozie WatchKit App.app"; sourceTree = BUILT_PRODUCTS_DIR; };
		E4838274247BA33B002C3708 /* Base */ = {isa = PBXFileReference; lastKnownFileType = file.storyboard; name = Base; path = Base.lproj/Interface.storyboard; sourceTree = "<group>"; };
		E4838276247BA33C002C3708 /* Assets.xcassets */ = {isa = PBXFileReference; lastKnownFileType = folder.assetcatalog; path = Assets.xcassets; sourceTree = "<group>"; };
		E4838278247BA33C002C3708 /* Info.plist */ = {isa = PBXFileReference; lastKnownFileType = text.plist.xml; path = Info.plist; sourceTree = "<group>"; };
		E483827D247BA33C002C3708 /* Cozie WatchKit Extension.appex */ = {isa = PBXFileReference; explicitFileType = "wrapper.app-extension"; includeInIndex = 0; path = "Cozie WatchKit Extension.appex"; sourceTree = BUILT_PRODUCTS_DIR; };
		E4838282247BA33C002C3708 /* InterfaceController.swift */ = {isa = PBXFileReference; lastKnownFileType = sourcecode.swift; path = InterfaceController.swift; sourceTree = "<group>"; };
		E4838284247BA33C002C3708 /* ExtensionDelegate.swift */ = {isa = PBXFileReference; lastKnownFileType = sourcecode.swift; path = ExtensionDelegate.swift; sourceTree = "<group>"; };
		E4838286247BA33C002C3708 /* NotificationController.swift */ = {isa = PBXFileReference; lastKnownFileType = sourcecode.swift; path = NotificationController.swift; sourceTree = "<group>"; };
		E4838288247BA33C002C3708 /* Assets.xcassets */ = {isa = PBXFileReference; lastKnownFileType = folder.assetcatalog; path = Assets.xcassets; sourceTree = "<group>"; };
		E483828A247BA33C002C3708 /* Info.plist */ = {isa = PBXFileReference; lastKnownFileType = text.plist.xml; path = Info.plist; sourceTree = "<group>"; };
		E483828B247BA33C002C3708 /* PushNotificationPayload.apns */ = {isa = PBXFileReference; lastKnownFileType = text; path = PushNotificationPayload.apns; sourceTree = "<group>"; };
		E4BCBEAA247E0AE100A5BE43 /* RowController.swift */ = {isa = PBXFileReference; lastKnownFileType = sourcecode.swift; path = RowController.swift; sourceTree = "<group>"; };
		E4C5D9D1249CA4B500228A15 /* OneSignalNotificationServiceExtension.appex */ = {isa = PBXFileReference; explicitFileType = "wrapper.app-extension"; includeInIndex = 0; path = OneSignalNotificationServiceExtension.appex; sourceTree = BUILT_PRODUCTS_DIR; };
		E4C5D9D3249CA4B500228A15 /* NotificationService.swift */ = {isa = PBXFileReference; lastKnownFileType = sourcecode.swift; path = NotificationService.swift; sourceTree = "<group>"; };
		E4C5D9D5249CA4B500228A15 /* Info.plist */ = {isa = PBXFileReference; lastKnownFileType = text.plist.xml; path = Info.plist; sourceTree = "<group>"; };
		E4C5D9E4249CB11C00228A15 /* OneSignalNotificationServiceExtension.entitlements */ = {isa = PBXFileReference; lastKnownFileType = text.plist.entitlements; path = OneSignalNotificationServiceExtension.entitlements; sourceTree = "<group>"; };
		E4E3088924B6F7840029FC0C /* Cozie WatchKit Extension.entitlements */ = {isa = PBXFileReference; lastKnownFileType = text.plist.entitlements; path = "Cozie WatchKit Extension.entitlements"; sourceTree = "<group>"; };
		E4E3088A24B6F7840029FC0C /* HealthKit.framework */ = {isa = PBXFileReference; lastKnownFileType = wrapper.framework; name = HealthKit.framework; path = Platforms/WatchOS.platform/Developer/SDKs/WatchOS6.2.sdk/System/Library/Frameworks/HealthKit.framework; sourceTree = DEVELOPER_DIR; };
		F5D47597BF5242DB1098C356 /* Pods-CozieTests.debug.xcconfig */ = {isa = PBXFileReference; includeInIndex = 1; lastKnownFileType = text.xcconfig; name = "Pods-CozieTests.debug.xcconfig"; path = "Target Support Files/Pods-CozieTests/Pods-CozieTests.debug.xcconfig"; sourceTree = "<group>"; };
/* End PBXFileReference section */

/* Begin PBXFrameworksBuildPhase section */
		7563C92532FCD3EAE76C7CF2 /* Frameworks */ = {
			isa = PBXFrameworksBuildPhase;
			buildActionMask = 2147483647;
			files = (
				E4256F86251C4E5A00CF32A4 /* Pods_Cozie_WatchKit_App.framework in Frameworks */,
			);
			runOnlyForDeploymentPostprocessing = 0;
		};
		E4838241247BA33A002C3708 /* Frameworks */ = {
			isa = PBXFrameworksBuildPhase;
			buildActionMask = 2147483647;
			files = (
				E47351E3247D0F5D0079D11A /* HealthKit.framework in Frameworks */,
				6B49B9EEB64A434ACFCF6443 /* Pods_Cozie.framework in Frameworks */,
			);
			runOnlyForDeploymentPostprocessing = 0;
		};
		E4838257247BA33B002C3708 /* Frameworks */ = {
			isa = PBXFrameworksBuildPhase;
			buildActionMask = 2147483647;
			files = (
				8E57EB93499DCC05D1B85DFB /* Pods_CozieTests.framework in Frameworks */,
			);
			runOnlyForDeploymentPostprocessing = 0;
		};
		E4838262247BA33B002C3708 /* Frameworks */ = {
			isa = PBXFrameworksBuildPhase;
			buildActionMask = 2147483647;
			files = (
				225505435BC966E4AEDF2799 /* Pods_Cozie_CozieUITests.framework in Frameworks */,
			);
			runOnlyForDeploymentPostprocessing = 0;
		};
		E483827A247BA33C002C3708 /* Frameworks */ = {
			isa = PBXFrameworksBuildPhase;
			buildActionMask = 2147483647;
			files = (
				E4256F96251C4E6F00CF32A4 /* Pods_Cozie_WatchKit_Extension.framework in Frameworks */,
				E4256F90251C4E6D00CF32A4 /* HealthKit.framework in Frameworks */,
			);
			runOnlyForDeploymentPostprocessing = 0;
		};
		E4C5D9CE249CA4B500228A15 /* Frameworks */ = {
			isa = PBXFrameworksBuildPhase;
			buildActionMask = 2147483647;
			files = (
				269A1B12C72080077E2CC424 /* Pods_OneSignalNotificationServiceExtension.framework in Frameworks */,
			);
			runOnlyForDeploymentPostprocessing = 0;
		};
/* End PBXFrameworksBuildPhase section */

/* Begin PBXGroup section */
		0444BB12276B567D00D7F0E9 /* PopUps */ = {
			isa = PBXGroup;
			children = (
				046BD755276C6C860011A883 /* Permissions.swift */,
				0444BB13276B56D700D7F0E9 /* Permissions.xib */,
				046BD75A276C6D5C0011A883 /* TextView.swift */,
				0444BB15276B6AD800D7F0E9 /* TextView.xib */,
				29CCF1B0276C6F0700AA3E32 /* ParticipationDays.swift */,
				29CCF1B1276C6F0700AA3E32 /* ParticipationDays.xib */,
				29CCF1B5276C91BB00AA3E32 /* ReminderFrequency.swift */,
				29CCF1B6276C91BB00AA3E32 /* NotificationFrequency.xib */,
				29CCF1BC276C93CB00AA3E32 /* DailyParticipation.swift */,
				29CCF1BD276C93CB00AA3E32 /* DailyParticipation.xib */,
				0465B61227719A910062228C /* WeeklySurvey.swift */,
				0465B60D27718F720062228C /* WeeklySurvey.xib */,
				0465B626277216480062228C /* Reminder.swift */,
				0465B627277216480062228C /* Reminder.xib */,
				0465B61827719E990062228C /* QuestionCell.swift */,
				0465B61927719E990062228C /* QuestionCell.xib */,
				29048F2E27797D190086DCC5 /* BasePopupVC.swift */,
				1C491B91F3532D760A3649CB /* QuestionFlow.swift */,
				046BD749276C46BD0011A883 /* QuestionFlow.xib */,
			);
			path = PopUps;
			sourceTree = "<group>";
		};
		29C268612786C12300DC5C22 /* LocalStorage */ = {
			isa = PBXGroup;
			children = (
				29C268652786C17E00DC5C22 /* PersistentStorage.swift */,
				29C268672786C1A800DC5C22 /* Cozie.xcdatamodeld */,
				29C2686A2786C6C500DC5C22 /* CoreDataManager.swift */,
			);
			path = LocalStorage;
			sourceTree = "<group>";
		};
		29E7F943276DEDF2008B0E8D /* Health */ = {
			isa = PBXGroup;
			children = (
				29E7F941276DEA7C008B0E8D /* HealthKitSetupAssistant.swift */,
				29E7F944276DEE25008B0E8D /* ProfileDataStore.swift */,
			);
			path = Health;
			sourceTree = "<group>";
		};
		2F9E67614CD4ACF113607CBD /* Pods */ = {
			isa = PBXGroup;
			children = (
				4BB80C40C6B15250CD0AFD92 /* Pods-Cozie.debug.xcconfig */,
				5BF82B1BDF5D667872E7DE48 /* Pods-Cozie.release.xcconfig */,
				23683DAA0C5C23122C666635 /* Pods-Cozie WatchKit App.debug.xcconfig */,
				AC4C40BFE7DD8E6AF6ECFB9F /* Pods-Cozie WatchKit App.release.xcconfig */,
				D11CE09FE61289B084867083 /* Pods-Cozie WatchKit Extension.debug.xcconfig */,
				BB8D34C0F968BCA86B97D168 /* Pods-Cozie WatchKit Extension.release.xcconfig */,
				6369B47D4E1243CA06BCE652 /* Pods-Cozie-CozieUITests.debug.xcconfig */,
				5AB05C20320F1CE38697D8EF /* Pods-Cozie-CozieUITests.release.xcconfig */,
				F5D47597BF5242DB1098C356 /* Pods-CozieTests.debug.xcconfig */,
				20B3F0100A1BF6639B8DA26B /* Pods-CozieTests.release.xcconfig */,
				24EBB708F02EA81173799CD6 /* Pods-OneSignalNotificationServiceExtension.debug.xcconfig */,
				029739FA684C19B22A89AEA0 /* Pods-OneSignalNotificationServiceExtension.release.xcconfig */,
			);
			path = Pods;
			sourceTree = "<group>";
		};
		CA7A1ED828A27F9A007F8AA1 /* Repository */ = {
			isa = PBXGroup;
			children = (
				CA7A1ED928A27FBE007F8AA1 /* BaseRepository.swift */,
				CA7A1EDB28A2855C007F8AA1 /* HealthRepository.swift */,
			);
			path = Repository;
			sourceTree = "<group>";
		};
		CA93DB4928A3F4C000CA88C0 /* NoiseMeter */ = {
			isa = PBXGroup;
			children = (
				CA93DB4A28A3F50A00CA88C0 /* NoiseMeterControlle.swift */,
			);
			path = NoiseMeter;
			sourceTree = "<group>";
		};
		E43CAA8024C80F1600461DD1 /* View */ = {
			isa = PBXGroup;
			children = (
				E43882E124B44880007EBE4C /* CollectionViewCell.swift */,
				E43CAA8424C80F5500461DD1 /* SettingsCell.swift */,
			);
			path = View;
			sourceTree = "<group>";
		};
		E469469324BC4C720013134B /* ViewControllers */ = {
			isa = PBXGroup;
			children = (
				04B14C94277045C800A4B989 /* HomePageViewController.swift */,
				E43CAA7B24C80DE600461DD1 /* SettingsViewController.swift */,
				049BCA8C2773075500481C95 /* DataViewController.swift */,
			);
			path = ViewControllers;
			sourceTree = "<group>";
		};
		E469469924BC54AF0013134B /* Helpers */ = {
			isa = PBXGroup;
			children = (
				29C268612786C12300DC5C22 /* LocalStorage */,
				29E7F943276DEDF2008B0E8D /* Health */,
				E469469D24BC54EC0013134B /* Utilities.swift */,
				299604CE277B1734003A326E /* Constant.swift */,
				6923254C27A5050600DBE6C5 /* NotificationHelper.swift */,
				1C491CD6EC59C0666AA0A479 /* SettingsSections.swift */,
				1C49163F4A062ABDF63C426B /* ViewControllersNames.swift */,
				29CCF171276B10D700AA3E32 /* UserDefaults.swift */,
				29B8249F276CA5AA00BB002D /* Extension.swift */,
				29B824A4276CBAD600BB002D /* NavigationManager.swift */,
				1C49103482D37F76A9CDB070 /* QuestionFlows.swift */,
				1C49163FDF42B00199E54702 /* SharedFunctions.swift */,
				CAE93E1028A0E6F700DD9C1B /* BackgroundUpdateController.swift */,
			);
			path = Helpers;
			sourceTree = "<group>";
		};
		E483823B247BA33A002C3708 = {
			isa = PBXGroup;
			children = (
				E4838246247BA33A002C3708 /* Cozie */,
				E483825D247BA33B002C3708 /* CozieTests */,
				E4838268247BA33B002C3708 /* CozieUITests */,
				E4838272247BA33B002C3708 /* Cozie WatchKit App */,
				E4838281247BA33C002C3708 /* Cozie WatchKit Extension */,
				E4C5D9D2249CA4B500228A15 /* OneSignalNotificationServiceExtension */,
				E4838245247BA33A002C3708 /* Products */,
				E48382AD247BA713002C3708 /* Frameworks */,
				2F9E67614CD4ACF113607CBD /* Pods */,
				1C491A478BD7051B28E220BD /* CNAME */,
			);
			sourceTree = "<group>";
		};
		E4838245247BA33A002C3708 /* Products */ = {
			isa = PBXGroup;
			children = (
				E4838244247BA33A002C3708 /* Cozie Thesh.app */,
				E483825A247BA33B002C3708 /* CozieTests.xctest */,
				E4838265247BA33B002C3708 /* CozieUITests.xctest */,
				E483826E247BA33B002C3708 /* Cozie WatchKit App.app */,
				E483827D247BA33C002C3708 /* Cozie WatchKit Extension.appex */,
				E4C5D9D1249CA4B500228A15 /* OneSignalNotificationServiceExtension.appex */,
			);
			name = Products;
			sourceTree = "<group>";
		};
		E4838246247BA33A002C3708 /* Cozie */ = {
			isa = PBXGroup;
			children = (
				CA7A1ED828A27F9A007F8AA1 /* Repository */,
				CA93DB4D28A5107200CA88C0 /* CozieRelease.entitlements */,
				E47351E1247D0F5D0079D11A /* Cozie.entitlements */,
				0444BB12276B567D00D7F0E9 /* PopUps */,
				E43CAA8024C80F1600461DD1 /* View */,
				E469469924BC54AF0013134B /* Helpers */,
				E469469324BC4C720013134B /* ViewControllers */,
				E4838247247BA33A002C3708 /* AppDelegate.swift */,
				E483824D247BA33A002C3708 /* Main.storyboard */,
				CA7A1ED228A14BBB007F8AA1 /* LaunchScreen.storyboard */,
				E4838250247BA33B002C3708 /* Assets.xcassets */,
				E46946A124BC5D3F0013134B /* GoogleService-Info.plist */,
				E4838255247BA33B002C3708 /* Info.plist */,
			);
			path = Cozie;
			sourceTree = "<group>";
		};
		E483825D247BA33B002C3708 /* CozieTests */ = {
			isa = PBXGroup;
			children = (
				E483825E247BA33B002C3708 /* CozieTests.swift */,
				E4838260247BA33B002C3708 /* Info.plist */,
			);
			path = CozieTests;
			sourceTree = "<group>";
		};
		E4838268247BA33B002C3708 /* CozieUITests */ = {
			isa = PBXGroup;
			children = (
				E4838269247BA33B002C3708 /* CozieUITests.swift */,
				E483826B247BA33B002C3708 /* Info.plist */,
			);
			path = CozieUITests;
			sourceTree = "<group>";
		};
		E4838272247BA33B002C3708 /* Cozie WatchKit App */ = {
			isa = PBXGroup;
			children = (
				E437EF5E24C6F1A5008BC6FF /* Cozie WatchKit App.entitlements */,
				E4838273247BA33B002C3708 /* Interface.storyboard */,
				E4838276247BA33C002C3708 /* Assets.xcassets */,
				E4838278247BA33C002C3708 /* Info.plist */,
			);
			path = "Cozie WatchKit App";
			sourceTree = "<group>";
		};
		E4838281247BA33C002C3708 /* Cozie WatchKit Extension */ = {
			isa = PBXGroup;
			children = (
				CA93DB4928A3F4C000CA88C0 /* NoiseMeter */,
				CAC0411528A139B300007E47 /* Cozie WatchKit ExtensionDebug.entitlements */,
				E4E3088924B6F7840029FC0C /* Cozie WatchKit Extension.entitlements */,
				E4838282247BA33C002C3708 /* InterfaceController.swift */,
				E4838284247BA33C002C3708 /* ExtensionDelegate.swift */,
				E4838286247BA33C002C3708 /* NotificationController.swift */,
				E4838288247BA33C002C3708 /* Assets.xcassets */,
				E483828A247BA33C002C3708 /* Info.plist */,
				E483828B247BA33C002C3708 /* PushNotificationPayload.apns */,
				E4BCBEAA247E0AE100A5BE43 /* RowController.swift */,
				E43CAA9624CE805F00461DD1 /* ComplicationController.swift */,
				E474676E24DBA49200D1F7AC /* HealthStore.swift */,
			);
			path = "Cozie WatchKit Extension";
			sourceTree = "<group>";
		};
		E48382AD247BA713002C3708 /* Frameworks */ = {
			isa = PBXGroup;
			children = (
				E4E3088A24B6F7840029FC0C /* HealthKit.framework */,
				E47351E2247D0F5D0079D11A /* HealthKit.framework */,
				3F9806C8543340A04AEF2006 /* Pods_Cozie.framework */,
				C18B444E3E86547088180A30 /* Pods_Cozie_WatchKit_App.framework */,
				5D13B295106D8AE1F96907F3 /* Pods_Cozie_WatchKit_Extension.framework */,
				E3453AB1591C9514FAB3D5F0 /* Pods_Cozie_CozieUITests.framework */,
				36683D0C593EEC4970C0D5D4 /* Pods_CozieTests.framework */,
				4209BB7BEF91765C76FF708C /* Pods_OneSignalNotificationServiceExtension.framework */,
			);
			name = Frameworks;
			sourceTree = "<group>";
		};
		E4C5D9D2249CA4B500228A15 /* OneSignalNotificationServiceExtension */ = {
			isa = PBXGroup;
			children = (
				CA93DB4C28A5100F00CA88C0 /* OneSignalNotificationServiceExtensionRelease.entitlements */,
				E4C5D9E4249CB11C00228A15 /* OneSignalNotificationServiceExtension.entitlements */,
				E4C5D9D3249CA4B500228A15 /* NotificationService.swift */,
				E4C5D9D5249CA4B500228A15 /* Info.plist */,
			);
			path = OneSignalNotificationServiceExtension;
			sourceTree = "<group>";
		};
/* End PBXGroup section */

/* Begin PBXNativeTarget section */
		E4838243247BA33A002C3708 /* Cozie Thesh */ = {
			isa = PBXNativeTarget;
			buildConfigurationList = E4838296247BA33C002C3708 /* Build configuration list for PBXNativeTarget "Cozie Thesh" */;
			buildPhases = (
				EA9B2C11522202656E5FDA44 /* [CP] Check Pods Manifest.lock */,
				E4838240247BA33A002C3708 /* Sources */,
				E4838241247BA33A002C3708 /* Frameworks */,
				E4838242247BA33A002C3708 /* Resources */,
				E4838295247BA33C002C3708 /* Embed Watch Content */,
				E4C5D9D9249CA4B500228A15 /* Embed App Extensions */,
				C02AD124388A70568E9AEE22 /* [CP] Embed Pods Frameworks */,
			);
			buildRules = (
			);
			dependencies = (
				E4C5D9D7249CA4B500228A15 /* PBXTargetDependency */,
				ACB45E092836097200C16C25 /* PBXTargetDependency */,
			);
			name = "Cozie Thesh";
			productName = Cozie;
			productReference = E4838244247BA33A002C3708 /* Cozie Thesh.app */;
			productType = "com.apple.product-type.application";
		};
		E4838259247BA33B002C3708 /* CozieTests */ = {
			isa = PBXNativeTarget;
			buildConfigurationList = E4838299247BA33C002C3708 /* Build configuration list for PBXNativeTarget "CozieTests" */;
			buildPhases = (
				B67527DDEFB82C1629B44275 /* [CP] Check Pods Manifest.lock */,
				E4838256247BA33B002C3708 /* Sources */,
				E4838257247BA33B002C3708 /* Frameworks */,
				E4838258247BA33B002C3708 /* Resources */,
			);
			buildRules = (
			);
			dependencies = (
				E483825C247BA33B002C3708 /* PBXTargetDependency */,
			);
			name = CozieTests;
			productName = CozieTests;
			productReference = E483825A247BA33B002C3708 /* CozieTests.xctest */;
			productType = "com.apple.product-type.bundle.unit-test";
		};
		E4838264247BA33B002C3708 /* CozieUITests */ = {
			isa = PBXNativeTarget;
			buildConfigurationList = E483829C247BA33C002C3708 /* Build configuration list for PBXNativeTarget "CozieUITests" */;
			buildPhases = (
				41E453A568A55126861A2F26 /* [CP] Check Pods Manifest.lock */,
				E4838261247BA33B002C3708 /* Sources */,
				E4838262247BA33B002C3708 /* Frameworks */,
				E4838263247BA33B002C3708 /* Resources */,
				5483A0945BB460405220934F /* [CP] Embed Pods Frameworks */,
			);
			buildRules = (
			);
			dependencies = (
				E4838267247BA33B002C3708 /* PBXTargetDependency */,
			);
			name = CozieUITests;
			productName = CozieUITests;
			productReference = E4838265247BA33B002C3708 /* CozieUITests.xctest */;
			productType = "com.apple.product-type.bundle.ui-testing";
		};
		E483826D247BA33B002C3708 /* Cozie WatchKit App */ = {
			isa = PBXNativeTarget;
			buildConfigurationList = E4838292247BA33C002C3708 /* Build configuration list for PBXNativeTarget "Cozie WatchKit App" */;
			buildPhases = (
				335C18F5AFEE673AA65D54CE /* [CP] Check Pods Manifest.lock */,
				E483826C247BA33B002C3708 /* Resources */,
				E4838291247BA33C002C3708 /* Embed App Extensions */,
				7563C92532FCD3EAE76C7CF2 /* Frameworks */,
			);
			buildRules = (
			);
			dependencies = (
				E4838280247BA33C002C3708 /* PBXTargetDependency */,
			);
			name = "Cozie WatchKit App";
			productName = "Cozie WatchKit App";
			productReference = E483826E247BA33B002C3708 /* Cozie WatchKit App.app */;
			productType = "com.apple.product-type.application.watchapp2";
		};
		E483827C247BA33C002C3708 /* Cozie WatchKit Extension */ = {
			isa = PBXNativeTarget;
			buildConfigurationList = E483828E247BA33C002C3708 /* Build configuration list for PBXNativeTarget "Cozie WatchKit Extension" */;
			buildPhases = (
				1EBAC3C263F9F9ECF7F784DC /* [CP] Check Pods Manifest.lock */,
				E4838279247BA33C002C3708 /* Sources */,
				E483827A247BA33C002C3708 /* Frameworks */,
				E483827B247BA33C002C3708 /* Resources */,
			);
			buildRules = (
			);
			dependencies = (
			);
			name = "Cozie WatchKit Extension";
			productName = "Cozie WatchKit Extension";
			productReference = E483827D247BA33C002C3708 /* Cozie WatchKit Extension.appex */;
			productType = "com.apple.product-type.watchkit2-extension";
		};
		E4C5D9D0249CA4B500228A15 /* OneSignalNotificationServiceExtension */ = {
			isa = PBXNativeTarget;
			buildConfigurationList = E4C5D9DF249CA4B500228A15 /* Build configuration list for PBXNativeTarget "OneSignalNotificationServiceExtension" */;
			buildPhases = (
				AA8407B4119D3706D17454F8 /* [CP] Check Pods Manifest.lock */,
				E4C5D9CD249CA4B500228A15 /* Sources */,
				E4C5D9CE249CA4B500228A15 /* Frameworks */,
				E4C5D9CF249CA4B500228A15 /* Resources */,
			);
			buildRules = (
			);
			dependencies = (
			);
			name = OneSignalNotificationServiceExtension;
			productName = OneSignalNotificationServiceExtension;
			productReference = E4C5D9D1249CA4B500228A15 /* OneSignalNotificationServiceExtension.appex */;
			productType = "com.apple.product-type.app-extension";
		};
/* End PBXNativeTarget section */

/* Begin PBXProject section */
		E483823C247BA33A002C3708 /* Project object */ = {
			isa = PBXProject;
			attributes = {
				LastSwiftUpdateCheck = 1150;
				LastUpgradeCheck = 1320;
				ORGANIZATIONNAME = "Federico Tartarini";
				TargetAttributes = {
					E4838243247BA33A002C3708 = {
						CreatedOnToolsVersion = 11.5;
					};
					E4838259247BA33B002C3708 = {
						CreatedOnToolsVersion = 11.5;
						TestTargetID = E4838243247BA33A002C3708;
					};
					E4838264247BA33B002C3708 = {
						CreatedOnToolsVersion = 11.5;
						TestTargetID = E4838243247BA33A002C3708;
					};
					E483826D247BA33B002C3708 = {
						CreatedOnToolsVersion = 11.5;
						LastSwiftMigration = 1160;
					};
					E483827C247BA33C002C3708 = {
						CreatedOnToolsVersion = 11.5;
					};
					E4C5D9D0249CA4B500228A15 = {
						CreatedOnToolsVersion = 11.5;
					};
				};
			};
			buildConfigurationList = E483823F247BA33A002C3708 /* Build configuration list for PBXProject "Cozie" */;
			compatibilityVersion = "Xcode 9.3";
			developmentRegion = en;
			hasScannedForEncodings = 0;
			knownRegions = (
				en,
				Base,
			);
			mainGroup = E483823B247BA33A002C3708;
			productRefGroup = E4838245247BA33A002C3708 /* Products */;
			projectDirPath = "";
			projectRoot = "";
			targets = (
				E4838243247BA33A002C3708 /* Cozie Thesh */,
				E4838259247BA33B002C3708 /* CozieTests */,
				E4838264247BA33B002C3708 /* CozieUITests */,
				E483826D247BA33B002C3708 /* Cozie WatchKit App */,
				E483827C247BA33C002C3708 /* Cozie WatchKit Extension */,
				E4C5D9D0249CA4B500228A15 /* OneSignalNotificationServiceExtension */,
			);
		};
/* End PBXProject section */

/* Begin PBXResourcesBuildPhase section */
		E4838242247BA33A002C3708 /* Resources */ = {
			isa = PBXResourcesBuildPhase;
			buildActionMask = 2147483647;
			files = (
				0465B61B27719E990062228C /* QuestionCell.xib in Resources */,
				046BD74A276C46BD0011A883 /* QuestionFlow.xib in Resources */,
				0465B60E27718F720062228C /* WeeklySurvey.xib in Resources */,
				29CCF1BF276C93CB00AA3E32 /* DailyParticipation.xib in Resources */,
				0444BB14276B56D700D7F0E9 /* Permissions.xib in Resources */,
				E46946A524BC5D400013134B /* GoogleService-Info.plist in Resources */,
				CA7A1ED328A14BBB007F8AA1 /* LaunchScreen.storyboard in Resources */,
				E4838251247BA33B002C3708 /* Assets.xcassets in Resources */,
				0444BB16276B6AD800D7F0E9 /* TextView.xib in Resources */,
				29CCF1B3276C6F0700AA3E32 /* ParticipationDays.xib in Resources */,
				0465B629277216480062228C /* Reminder.xib in Resources */,
				E483824F247BA33A002C3708 /* Main.storyboard in Resources */,
				29CCF1B8276C91BB00AA3E32 /* NotificationFrequency.xib in Resources */,
				1C4913AD630B92A241DE121E /* CNAME in Resources */,
			);
			runOnlyForDeploymentPostprocessing = 0;
		};
		E4838258247BA33B002C3708 /* Resources */ = {
			isa = PBXResourcesBuildPhase;
			buildActionMask = 2147483647;
			files = (
			);
			runOnlyForDeploymentPostprocessing = 0;
		};
		E4838263247BA33B002C3708 /* Resources */ = {
			isa = PBXResourcesBuildPhase;
			buildActionMask = 2147483647;
			files = (
			);
			runOnlyForDeploymentPostprocessing = 0;
		};
		E483826C247BA33B002C3708 /* Resources */ = {
			isa = PBXResourcesBuildPhase;
			buildActionMask = 2147483647;
			files = (
				E4838277247BA33C002C3708 /* Assets.xcassets in Resources */,
				E4838275247BA33B002C3708 /* Interface.storyboard in Resources */,
			);
			runOnlyForDeploymentPostprocessing = 0;
		};
		E483827B247BA33C002C3708 /* Resources */ = {
			isa = PBXResourcesBuildPhase;
			buildActionMask = 2147483647;
			files = (
				E4838289247BA33C002C3708 /* Assets.xcassets in Resources */,
			);
			runOnlyForDeploymentPostprocessing = 0;
		};
		E4C5D9CF249CA4B500228A15 /* Resources */ = {
			isa = PBXResourcesBuildPhase;
			buildActionMask = 2147483647;
			files = (
			);
			runOnlyForDeploymentPostprocessing = 0;
		};
/* End PBXResourcesBuildPhase section */

/* Begin PBXShellScriptBuildPhase section */
		1EBAC3C263F9F9ECF7F784DC /* [CP] Check Pods Manifest.lock */ = {
			isa = PBXShellScriptBuildPhase;
			buildActionMask = 2147483647;
			files = (
			);
			inputFileListPaths = (
			);
			inputPaths = (
				"${PODS_PODFILE_DIR_PATH}/Podfile.lock",
				"${PODS_ROOT}/Manifest.lock",
			);
			name = "[CP] Check Pods Manifest.lock";
			outputFileListPaths = (
			);
			outputPaths = (
				"$(DERIVED_FILE_DIR)/Pods-Cozie WatchKit Extension-checkManifestLockResult.txt",
			);
			runOnlyForDeploymentPostprocessing = 0;
			shellPath = /bin/sh;
			shellScript = "diff \"${PODS_PODFILE_DIR_PATH}/Podfile.lock\" \"${PODS_ROOT}/Manifest.lock\" > /dev/null\nif [ $? != 0 ] ; then\n    # print error to STDERR\n    echo \"error: The sandbox is not in sync with the Podfile.lock. Run 'pod install' or update your CocoaPods installation.\" >&2\n    exit 1\nfi\n# This output is used by Xcode 'outputs' to avoid re-running this script phase.\necho \"SUCCESS\" > \"${SCRIPT_OUTPUT_FILE_0}\"\n";
			showEnvVarsInLog = 0;
		};
		335C18F5AFEE673AA65D54CE /* [CP] Check Pods Manifest.lock */ = {
			isa = PBXShellScriptBuildPhase;
			buildActionMask = 2147483647;
			files = (
			);
			inputFileListPaths = (
			);
			inputPaths = (
				"${PODS_PODFILE_DIR_PATH}/Podfile.lock",
				"${PODS_ROOT}/Manifest.lock",
			);
			name = "[CP] Check Pods Manifest.lock";
			outputFileListPaths = (
			);
			outputPaths = (
				"$(DERIVED_FILE_DIR)/Pods-Cozie WatchKit App-checkManifestLockResult.txt",
			);
			runOnlyForDeploymentPostprocessing = 0;
			shellPath = /bin/sh;
			shellScript = "diff \"${PODS_PODFILE_DIR_PATH}/Podfile.lock\" \"${PODS_ROOT}/Manifest.lock\" > /dev/null\nif [ $? != 0 ] ; then\n    # print error to STDERR\n    echo \"error: The sandbox is not in sync with the Podfile.lock. Run 'pod install' or update your CocoaPods installation.\" >&2\n    exit 1\nfi\n# This output is used by Xcode 'outputs' to avoid re-running this script phase.\necho \"SUCCESS\" > \"${SCRIPT_OUTPUT_FILE_0}\"\n";
			showEnvVarsInLog = 0;
		};
		41E453A568A55126861A2F26 /* [CP] Check Pods Manifest.lock */ = {
			isa = PBXShellScriptBuildPhase;
			buildActionMask = 2147483647;
			files = (
			);
			inputFileListPaths = (
			);
			inputPaths = (
				"${PODS_PODFILE_DIR_PATH}/Podfile.lock",
				"${PODS_ROOT}/Manifest.lock",
			);
			name = "[CP] Check Pods Manifest.lock";
			outputFileListPaths = (
			);
			outputPaths = (
				"$(DERIVED_FILE_DIR)/Pods-Cozie-CozieUITests-checkManifestLockResult.txt",
			);
			runOnlyForDeploymentPostprocessing = 0;
			shellPath = /bin/sh;
			shellScript = "diff \"${PODS_PODFILE_DIR_PATH}/Podfile.lock\" \"${PODS_ROOT}/Manifest.lock\" > /dev/null\nif [ $? != 0 ] ; then\n    # print error to STDERR\n    echo \"error: The sandbox is not in sync with the Podfile.lock. Run 'pod install' or update your CocoaPods installation.\" >&2\n    exit 1\nfi\n# This output is used by Xcode 'outputs' to avoid re-running this script phase.\necho \"SUCCESS\" > \"${SCRIPT_OUTPUT_FILE_0}\"\n";
			showEnvVarsInLog = 0;
		};
		5483A0945BB460405220934F /* [CP] Embed Pods Frameworks */ = {
			isa = PBXShellScriptBuildPhase;
			buildActionMask = 2147483647;
			files = (
			);
			inputFileListPaths = (
				"${PODS_ROOT}/Target Support Files/Pods-Cozie-CozieUITests/Pods-Cozie-CozieUITests-frameworks-${CONFIGURATION}-input-files.xcfilelist",
			);
			name = "[CP] Embed Pods Frameworks";
			outputFileListPaths = (
				"${PODS_ROOT}/Target Support Files/Pods-Cozie-CozieUITests/Pods-Cozie-CozieUITests-frameworks-${CONFIGURATION}-output-files.xcfilelist",
			);
			runOnlyForDeploymentPostprocessing = 0;
			shellPath = /bin/sh;
			shellScript = "\"${PODS_ROOT}/Target Support Files/Pods-Cozie-CozieUITests/Pods-Cozie-CozieUITests-frameworks.sh\"\n";
			showEnvVarsInLog = 0;
		};
		AA8407B4119D3706D17454F8 /* [CP] Check Pods Manifest.lock */ = {
			isa = PBXShellScriptBuildPhase;
			buildActionMask = 2147483647;
			files = (
			);
			inputFileListPaths = (
			);
			inputPaths = (
				"${PODS_PODFILE_DIR_PATH}/Podfile.lock",
				"${PODS_ROOT}/Manifest.lock",
			);
			name = "[CP] Check Pods Manifest.lock";
			outputFileListPaths = (
			);
			outputPaths = (
				"$(DERIVED_FILE_DIR)/Pods-OneSignalNotificationServiceExtension-checkManifestLockResult.txt",
			);
			runOnlyForDeploymentPostprocessing = 0;
			shellPath = /bin/sh;
			shellScript = "diff \"${PODS_PODFILE_DIR_PATH}/Podfile.lock\" \"${PODS_ROOT}/Manifest.lock\" > /dev/null\nif [ $? != 0 ] ; then\n    # print error to STDERR\n    echo \"error: The sandbox is not in sync with the Podfile.lock. Run 'pod install' or update your CocoaPods installation.\" >&2\n    exit 1\nfi\n# This output is used by Xcode 'outputs' to avoid re-running this script phase.\necho \"SUCCESS\" > \"${SCRIPT_OUTPUT_FILE_0}\"\n";
			showEnvVarsInLog = 0;
		};
		B67527DDEFB82C1629B44275 /* [CP] Check Pods Manifest.lock */ = {
			isa = PBXShellScriptBuildPhase;
			buildActionMask = 2147483647;
			files = (
			);
			inputFileListPaths = (
			);
			inputPaths = (
				"${PODS_PODFILE_DIR_PATH}/Podfile.lock",
				"${PODS_ROOT}/Manifest.lock",
			);
			name = "[CP] Check Pods Manifest.lock";
			outputFileListPaths = (
			);
			outputPaths = (
				"$(DERIVED_FILE_DIR)/Pods-CozieTests-checkManifestLockResult.txt",
			);
			runOnlyForDeploymentPostprocessing = 0;
			shellPath = /bin/sh;
			shellScript = "diff \"${PODS_PODFILE_DIR_PATH}/Podfile.lock\" \"${PODS_ROOT}/Manifest.lock\" > /dev/null\nif [ $? != 0 ] ; then\n    # print error to STDERR\n    echo \"error: The sandbox is not in sync with the Podfile.lock. Run 'pod install' or update your CocoaPods installation.\" >&2\n    exit 1\nfi\n# This output is used by Xcode 'outputs' to avoid re-running this script phase.\necho \"SUCCESS\" > \"${SCRIPT_OUTPUT_FILE_0}\"\n";
			showEnvVarsInLog = 0;
		};
		C02AD124388A70568E9AEE22 /* [CP] Embed Pods Frameworks */ = {
			isa = PBXShellScriptBuildPhase;
			buildActionMask = 2147483647;
			files = (
			);
			inputFileListPaths = (
				"${PODS_ROOT}/Target Support Files/Pods-Cozie/Pods-Cozie-frameworks-${CONFIGURATION}-input-files.xcfilelist",
			);
			name = "[CP] Embed Pods Frameworks";
			outputFileListPaths = (
				"${PODS_ROOT}/Target Support Files/Pods-Cozie/Pods-Cozie-frameworks-${CONFIGURATION}-output-files.xcfilelist",
			);
			runOnlyForDeploymentPostprocessing = 0;
			shellPath = /bin/sh;
			shellScript = "\"${PODS_ROOT}/Target Support Files/Pods-Cozie/Pods-Cozie-frameworks.sh\"\n";
			showEnvVarsInLog = 0;
		};
		EA9B2C11522202656E5FDA44 /* [CP] Check Pods Manifest.lock */ = {
			isa = PBXShellScriptBuildPhase;
			buildActionMask = 2147483647;
			files = (
			);
			inputFileListPaths = (
			);
			inputPaths = (
				"${PODS_PODFILE_DIR_PATH}/Podfile.lock",
				"${PODS_ROOT}/Manifest.lock",
			);
			name = "[CP] Check Pods Manifest.lock";
			outputFileListPaths = (
			);
			outputPaths = (
				"$(DERIVED_FILE_DIR)/Pods-Cozie-checkManifestLockResult.txt",
			);
			runOnlyForDeploymentPostprocessing = 0;
			shellPath = /bin/sh;
			shellScript = "diff \"${PODS_PODFILE_DIR_PATH}/Podfile.lock\" \"${PODS_ROOT}/Manifest.lock\" > /dev/null\nif [ $? != 0 ] ; then\n    # print error to STDERR\n    echo \"error: The sandbox is not in sync with the Podfile.lock. Run 'pod install' or update your CocoaPods installation.\" >&2\n    exit 1\nfi\n# This output is used by Xcode 'outputs' to avoid re-running this script phase.\necho \"SUCCESS\" > \"${SCRIPT_OUTPUT_FILE_0}\"\n";
			showEnvVarsInLog = 0;
		};
/* End PBXShellScriptBuildPhase section */

/* Begin PBXSourcesBuildPhase section */
		E4838240247BA33A002C3708 /* Sources */ = {
			isa = PBXSourcesBuildPhase;
			buildActionMask = 2147483647;
			files = (
				E43882E224B44880007EBE4C /* CollectionViewCell.swift in Sources */,
				29E7F945276DEE25008B0E8D /* ProfileDataStore.swift in Sources */,
				E4838248247BA33A002C3708 /* AppDelegate.swift in Sources */,
				29C268692786C1A800DC5C22 /* Cozie.xcdatamodeld in Sources */,
				E469469E24BC54EC0013134B /* Utilities.swift in Sources */,
				6923254D27A5050600DBE6C5 /* NotificationHelper.swift in Sources */,
				CA7A1EDA28A27FBE007F8AA1 /* BaseRepository.swift in Sources */,
				29CCF1BE276C93CB00AA3E32 /* DailyParticipation.swift in Sources */,
				0465B61A27719E990062228C /* QuestionCell.swift in Sources */,
				29CCF172276B10D700AA3E32 /* UserDefaults.swift in Sources */,
				04B14C95277045C800A4B989 /* HomePageViewController.swift in Sources */,
				29048F2F27797D190086DCC5 /* BasePopupVC.swift in Sources */,
				29C268662786C17E00DC5C22 /* PersistentStorage.swift in Sources */,
				29CCF1B7276C91BB00AA3E32 /* ReminderFrequency.swift in Sources */,
				29E7F942276DEA7C008B0E8D /* HealthKitSetupAssistant.swift in Sources */,
				29CCF1B2276C6F0700AA3E32 /* ParticipationDays.swift in Sources */,
				CAE93E1128A0E6F700DD9C1B /* BackgroundUpdateController.swift in Sources */,
				29B824A5276CBAD600BB002D /* NavigationManager.swift in Sources */,
				0465B61427719A910062228C /* WeeklySurvey.swift in Sources */,
				CA7A1EDC28A2855C007F8AA1 /* HealthRepository.swift in Sources */,
				29C2686B2786C6C500DC5C22 /* CoreDataManager.swift in Sources */,
				E43CAA7C24C80DE600461DD1 /* SettingsViewController.swift in Sources */,
				E43CAA8624C80F5500461DD1 /* SettingsCell.swift in Sources */,
				299604CF277B1734003A326E /* Constant.swift in Sources */,
				049BCA8D2773075500481C95 /* DataViewController.swift in Sources */,
				1C49194B488FD313FD6C1023 /* SettingsSections.swift in Sources */,
				0465B628277216480062228C /* Reminder.swift in Sources */,
				29B824A0276CA5AA00BB002D /* Extension.swift in Sources */,
				046BD75B276C6D5C0011A883 /* TextView.swift in Sources */,
				046BD756276C6C860011A883 /* Permissions.swift in Sources */,
				1C491E437C9F2A5E6D4CF49D /* ViewControllersNames.swift in Sources */,
				1C491222D118D576114E5619 /* QuestionFlows.swift in Sources */,
				1C49134A427E4EC80D5907E8 /* QuestionFlow.swift in Sources */,
				1C491022D63C0CA5B15EB214 /* SharedFunctions.swift in Sources */,
			);
			runOnlyForDeploymentPostprocessing = 0;
		};
		E4838256247BA33B002C3708 /* Sources */ = {
			isa = PBXSourcesBuildPhase;
			buildActionMask = 2147483647;
			files = (
				E483825F247BA33B002C3708 /* CozieTests.swift in Sources */,
			);
			runOnlyForDeploymentPostprocessing = 0;
		};
		E4838261247BA33B002C3708 /* Sources */ = {
			isa = PBXSourcesBuildPhase;
			buildActionMask = 2147483647;
			files = (
				E483826A247BA33B002C3708 /* CozieUITests.swift in Sources */,
			);
			runOnlyForDeploymentPostprocessing = 0;
		};
		E4838279247BA33C002C3708 /* Sources */ = {
			isa = PBXSourcesBuildPhase;
			buildActionMask = 2147483647;
			files = (
				E4838287247BA33C002C3708 /* NotificationController.swift in Sources */,
				E4838285247BA33C002C3708 /* ExtensionDelegate.swift in Sources */,
				294A9A8A2786EBE1003416BA /* PersistentStorage.swift in Sources */,
				294A9A8E2786EBE8003416BA /* Cozie.xcdatamodeld in Sources */,
				E4BCBEAB247E0AE100A5BE43 /* RowController.swift in Sources */,
				E43B70ED282CA1EF0030873B /* QuestionFlows.swift in Sources */,
				E4838283247BA33C002C3708 /* InterfaceController.swift in Sources */,
				E43CAA9724CE805F00461DD1 /* ComplicationController.swift in Sources */,
				CA93DB4B28A3F50A00CA88C0 /* NoiseMeterControlle.swift in Sources */,
				E474676F24DBA49200D1F7AC /* HealthStore.swift in Sources */,
				294A9A8F2786EBEC003416BA /* CoreDataManager.swift in Sources */,
				1C491B3550D9FA5FCBF53FAB /* SharedFunctions.swift in Sources */,
				CA7A1EDD28A28847007F8AA1 /* Constant.swift in Sources */,
			);
			runOnlyForDeploymentPostprocessing = 0;
		};
		E4C5D9CD249CA4B500228A15 /* Sources */ = {
			isa = PBXSourcesBuildPhase;
			buildActionMask = 2147483647;
			files = (
				E4C5D9D4249CA4B500228A15 /* NotificationService.swift in Sources */,
			);
			runOnlyForDeploymentPostprocessing = 0;
		};
/* End PBXSourcesBuildPhase section */

/* Begin PBXTargetDependency section */
		ACB45E092836097200C16C25 /* PBXTargetDependency */ = {
			isa = PBXTargetDependency;
			target = E483826D247BA33B002C3708 /* Cozie WatchKit App */;
			targetProxy = ACB45E082836097200C16C25 /* PBXContainerItemProxy */;
		};
		E483825C247BA33B002C3708 /* PBXTargetDependency */ = {
			isa = PBXTargetDependency;
			target = E4838243247BA33A002C3708 /* Cozie Thesh */;
			targetProxy = E483825B247BA33B002C3708 /* PBXContainerItemProxy */;
		};
		E4838267247BA33B002C3708 /* PBXTargetDependency */ = {
			isa = PBXTargetDependency;
			target = E4838243247BA33A002C3708 /* Cozie Thesh */;
			targetProxy = E4838266247BA33B002C3708 /* PBXContainerItemProxy */;
		};
		E4838280247BA33C002C3708 /* PBXTargetDependency */ = {
			isa = PBXTargetDependency;
			target = E483827C247BA33C002C3708 /* Cozie WatchKit Extension */;
			targetProxy = E483827F247BA33C002C3708 /* PBXContainerItemProxy */;
		};
		E4C5D9D7249CA4B500228A15 /* PBXTargetDependency */ = {
			isa = PBXTargetDependency;
			target = E4C5D9D0249CA4B500228A15 /* OneSignalNotificationServiceExtension */;
			targetProxy = E4C5D9D6249CA4B500228A15 /* PBXContainerItemProxy */;
		};
/* End PBXTargetDependency section */

/* Begin PBXVariantGroup section */
		E483824D247BA33A002C3708 /* Main.storyboard */ = {
			isa = PBXVariantGroup;
			children = (
				E483824E247BA33A002C3708 /* Base */,
			);
			name = Main.storyboard;
			sourceTree = "<group>";
		};
		E4838273247BA33B002C3708 /* Interface.storyboard */ = {
			isa = PBXVariantGroup;
			children = (
				E4838274247BA33B002C3708 /* Base */,
			);
			name = Interface.storyboard;
			sourceTree = "<group>";
		};
/* End PBXVariantGroup section */

/* Begin XCBuildConfiguration section */
		E483828C247BA33C002C3708 /* Debug */ = {
			isa = XCBuildConfiguration;
			buildSettings = {
				ALWAYS_SEARCH_USER_PATHS = NO;
				CLANG_ANALYZER_NONNULL = YES;
				CLANG_ANALYZER_NUMBER_OBJECT_CONVERSION = YES_AGGRESSIVE;
				CLANG_CXX_LANGUAGE_STANDARD = "gnu++14";
				CLANG_CXX_LIBRARY = "libc++";
				CLANG_ENABLE_MODULES = YES;
				CLANG_ENABLE_OBJC_ARC = YES;
				CLANG_ENABLE_OBJC_WEAK = YES;
				CLANG_WARN_BLOCK_CAPTURE_AUTORELEASING = YES;
				CLANG_WARN_BOOL_CONVERSION = YES;
				CLANG_WARN_COMMA = YES;
				CLANG_WARN_CONSTANT_CONVERSION = YES;
				CLANG_WARN_DEPRECATED_OBJC_IMPLEMENTATIONS = YES;
				CLANG_WARN_DIRECT_OBJC_ISA_USAGE = YES_ERROR;
				CLANG_WARN_DOCUMENTATION_COMMENTS = YES;
				CLANG_WARN_EMPTY_BODY = YES;
				CLANG_WARN_ENUM_CONVERSION = YES;
				CLANG_WARN_INFINITE_RECURSION = YES;
				CLANG_WARN_INT_CONVERSION = YES;
				CLANG_WARN_NON_LITERAL_NULL_CONVERSION = YES;
				CLANG_WARN_OBJC_IMPLICIT_RETAIN_SELF = YES;
				CLANG_WARN_OBJC_LITERAL_CONVERSION = YES;
				CLANG_WARN_OBJC_ROOT_CLASS = YES_ERROR;
				CLANG_WARN_QUOTED_INCLUDE_IN_FRAMEWORK_HEADER = YES;
				CLANG_WARN_RANGE_LOOP_ANALYSIS = YES;
				CLANG_WARN_STRICT_PROTOTYPES = YES;
				CLANG_WARN_SUSPICIOUS_MOVE = YES;
				CLANG_WARN_UNGUARDED_AVAILABILITY = YES_AGGRESSIVE;
				CLANG_WARN_UNREACHABLE_CODE = YES;
				CLANG_WARN__DUPLICATE_METHOD_MATCH = YES;
				COPY_PHASE_STRIP = NO;
				DEBUG_INFORMATION_FORMAT = dwarf;
				ENABLE_STRICT_OBJC_MSGSEND = YES;
				ENABLE_TESTABILITY = YES;
				GCC_C_LANGUAGE_STANDARD = gnu11;
				GCC_DYNAMIC_NO_PIC = NO;
				GCC_NO_COMMON_BLOCKS = YES;
				GCC_OPTIMIZATION_LEVEL = 0;
				GCC_PREPROCESSOR_DEFINITIONS = (
					"DEBUG=1",
					"$(inherited)",
				);
				GCC_WARN_64_TO_32_BIT_CONVERSION = YES;
				GCC_WARN_ABOUT_RETURN_TYPE = YES_ERROR;
				GCC_WARN_UNDECLARED_SELECTOR = YES;
				GCC_WARN_UNINITIALIZED_AUTOS = YES_AGGRESSIVE;
				GCC_WARN_UNUSED_FUNCTION = YES;
				GCC_WARN_UNUSED_VARIABLE = YES;
				IPHONEOS_DEPLOYMENT_TARGET = 14.0;
				MTL_ENABLE_DEBUG_INFO = INCLUDE_SOURCE;
				MTL_FAST_MATH = YES;
				ONLY_ACTIVE_ARCH = YES;
				SDKROOT = iphoneos;
				SWIFT_ACTIVE_COMPILATION_CONDITIONS = DEBUG;
				SWIFT_OPTIMIZATION_LEVEL = "-Onone";
			};
			name = Debug;
		};
		E483828D247BA33C002C3708 /* Release */ = {
			isa = XCBuildConfiguration;
			buildSettings = {
				ALWAYS_SEARCH_USER_PATHS = NO;
				CLANG_ANALYZER_NONNULL = YES;
				CLANG_ANALYZER_NUMBER_OBJECT_CONVERSION = YES_AGGRESSIVE;
				CLANG_CXX_LANGUAGE_STANDARD = "gnu++14";
				CLANG_CXX_LIBRARY = "libc++";
				CLANG_ENABLE_MODULES = YES;
				CLANG_ENABLE_OBJC_ARC = YES;
				CLANG_ENABLE_OBJC_WEAK = YES;
				CLANG_WARN_BLOCK_CAPTURE_AUTORELEASING = YES;
				CLANG_WARN_BOOL_CONVERSION = YES;
				CLANG_WARN_COMMA = YES;
				CLANG_WARN_CONSTANT_CONVERSION = YES;
				CLANG_WARN_DEPRECATED_OBJC_IMPLEMENTATIONS = YES;
				CLANG_WARN_DIRECT_OBJC_ISA_USAGE = YES_ERROR;
				CLANG_WARN_DOCUMENTATION_COMMENTS = YES;
				CLANG_WARN_EMPTY_BODY = YES;
				CLANG_WARN_ENUM_CONVERSION = YES;
				CLANG_WARN_INFINITE_RECURSION = YES;
				CLANG_WARN_INT_CONVERSION = YES;
				CLANG_WARN_NON_LITERAL_NULL_CONVERSION = YES;
				CLANG_WARN_OBJC_IMPLICIT_RETAIN_SELF = YES;
				CLANG_WARN_OBJC_LITERAL_CONVERSION = YES;
				CLANG_WARN_OBJC_ROOT_CLASS = YES_ERROR;
				CLANG_WARN_QUOTED_INCLUDE_IN_FRAMEWORK_HEADER = YES;
				CLANG_WARN_RANGE_LOOP_ANALYSIS = YES;
				CLANG_WARN_STRICT_PROTOTYPES = YES;
				CLANG_WARN_SUSPICIOUS_MOVE = YES;
				CLANG_WARN_UNGUARDED_AVAILABILITY = YES_AGGRESSIVE;
				CLANG_WARN_UNREACHABLE_CODE = YES;
				CLANG_WARN__DUPLICATE_METHOD_MATCH = YES;
				COPY_PHASE_STRIP = NO;
				DEBUG_INFORMATION_FORMAT = "dwarf-with-dsym";
				ENABLE_NS_ASSERTIONS = NO;
				ENABLE_STRICT_OBJC_MSGSEND = YES;
				GCC_C_LANGUAGE_STANDARD = gnu11;
				GCC_NO_COMMON_BLOCKS = YES;
				GCC_WARN_64_TO_32_BIT_CONVERSION = YES;
				GCC_WARN_ABOUT_RETURN_TYPE = YES_ERROR;
				GCC_WARN_UNDECLARED_SELECTOR = YES;
				GCC_WARN_UNINITIALIZED_AUTOS = YES_AGGRESSIVE;
				GCC_WARN_UNUSED_FUNCTION = YES;
				GCC_WARN_UNUSED_VARIABLE = YES;
				IPHONEOS_DEPLOYMENT_TARGET = 14.0;
				MTL_ENABLE_DEBUG_INFO = NO;
				MTL_FAST_MATH = YES;
				SDKROOT = iphoneos;
				SWIFT_COMPILATION_MODE = wholemodule;
				SWIFT_OPTIMIZATION_LEVEL = "-O";
				VALIDATE_PRODUCT = YES;
			};
			name = Release;
		};
		E483828F247BA33C002C3708 /* Debug */ = {
			isa = XCBuildConfiguration;
			baseConfigurationReference = D11CE09FE61289B084867083 /* Pods-Cozie WatchKit Extension.debug.xcconfig */;
			buildSettings = {
				ASSETCATALOG_COMPILER_COMPLICATION_NAME = Complication;
				CODE_SIGN_ENTITLEMENTS = "Cozie WatchKit Extension/Cozie WatchKit ExtensionDebug.entitlements";
				CODE_SIGN_IDENTITY = "Apple Development";
				CODE_SIGN_STYLE = Automatic;
				CURRENT_PROJECT_VERSION = 4;
				DEVELOPMENT_TEAM = P6T3BWDB2K;
				INFOPLIST_FILE = "Cozie WatchKit Extension/Info.plist";
				LD_RUNPATH_SEARCH_PATHS = (
					"$(inherited)",
					"@executable_path/Frameworks",
					"@executable_path/../../Frameworks",
				);
				MARKETING_VERSION = 1.0.0;
				PRODUCT_BUNDLE_IDENTIFIER = app.cozie.ios.thesh.watchkitapp.watchkitextension;
				PRODUCT_NAME = "${TARGET_NAME}";
				PROVISIONING_PROFILE_SPECIFIER = "";
				SDKROOT = watchos;
				SKIP_INSTALL = YES;
				SWIFT_VERSION = 5.0;
				TARGETED_DEVICE_FAMILY = 4;
				WATCHOS_DEPLOYMENT_TARGET = 7.0;
			};
			name = Debug;
		};
		E4838290247BA33C002C3708 /* Release */ = {
			isa = XCBuildConfiguration;
			baseConfigurationReference = BB8D34C0F968BCA86B97D168 /* Pods-Cozie WatchKit Extension.release.xcconfig */;
			buildSettings = {
				ASSETCATALOG_COMPILER_COMPLICATION_NAME = Complication;
				CODE_SIGN_ENTITLEMENTS = "Cozie WatchKit Extension/Cozie WatchKit Extension.entitlements";
				CODE_SIGN_IDENTITY = "Apple Development";
				CODE_SIGN_STYLE = Automatic;
				CURRENT_PROJECT_VERSION = 4;
				DEVELOPMENT_TEAM = P6T3BWDB2K;
				INFOPLIST_FILE = "Cozie WatchKit Extension/Info.plist";
				LD_RUNPATH_SEARCH_PATHS = (
					"$(inherited)",
					"@executable_path/Frameworks",
					"@executable_path/../../Frameworks",
				);
				MARKETING_VERSION = 1.0.0;
				PRODUCT_BUNDLE_IDENTIFIER = app.cozie.ios.thesh.watchkitapp.watchkitextension;
				PRODUCT_NAME = "${TARGET_NAME}";
				PROVISIONING_PROFILE_SPECIFIER = "";
				SDKROOT = watchos;
				SKIP_INSTALL = YES;
				SWIFT_VERSION = 5.0;
				TARGETED_DEVICE_FAMILY = 4;
				WATCHOS_DEPLOYMENT_TARGET = 7.0;
			};
			name = Release;
		};
		E4838293247BA33C002C3708 /* Debug */ = {
			isa = XCBuildConfiguration;
			baseConfigurationReference = 23683DAA0C5C23122C666635 /* Pods-Cozie WatchKit App.debug.xcconfig */;
			buildSettings = {
				ALWAYS_EMBED_SWIFT_STANDARD_LIBRARIES = YES;
				ASSETCATALOG_COMPILER_APPICON_NAME = AppIcon;
				CLANG_ENABLE_MODULES = YES;
				CODE_SIGN_ENTITLEMENTS = "Cozie WatchKit App/Cozie WatchKit App.entitlements";
				CODE_SIGN_IDENTITY = "Apple Development";
				CODE_SIGN_STYLE = Automatic;
				CURRENT_PROJECT_VERSION = 4;
				DEVELOPMENT_TEAM = P6T3BWDB2K;
				IBSC_MODULE = Cozie_WatchKit_Extension;
				INFOPLIST_FILE = "Cozie WatchKit App/Info.plist";
				LD_RUNPATH_SEARCH_PATHS = (
					"$(inherited)",
					"@executable_path/../Frameworks",
					"@loader_path/../Frameworks",
					"@executable_path/Frameworks",
				);
				MARKETING_VERSION = 1.0.0;
				ONLY_ACTIVE_ARCH = YES;
				PRODUCT_BUNDLE_IDENTIFIER = app.cozie.ios.thesh.watchkitapp;
				PRODUCT_NAME = "$(TARGET_NAME)";
				PROVISIONING_PROFILE_SPECIFIER = "";
				SDKROOT = watchos;
				SKIP_INSTALL = YES;
				SWIFT_OBJC_BRIDGING_HEADER = "Cozie/Cozie WatchKit App-Bridging-Header.h";
				SWIFT_OPTIMIZATION_LEVEL = "-Onone";
				SWIFT_VERSION = 5.0;
				TARGETED_DEVICE_FAMILY = 4;
				WATCHOS_DEPLOYMENT_TARGET = 7.0;
			};
			name = Debug;
		};
		E4838294247BA33C002C3708 /* Release */ = {
			isa = XCBuildConfiguration;
			baseConfigurationReference = AC4C40BFE7DD8E6AF6ECFB9F /* Pods-Cozie WatchKit App.release.xcconfig */;
			buildSettings = {
				ALWAYS_EMBED_SWIFT_STANDARD_LIBRARIES = YES;
				ASSETCATALOG_COMPILER_APPICON_NAME = AppIcon;
				CLANG_ENABLE_MODULES = YES;
				CODE_SIGN_ENTITLEMENTS = "Cozie WatchKit App/Cozie WatchKit App.entitlements";
				CODE_SIGN_IDENTITY = "Apple Development";
				CODE_SIGN_STYLE = Automatic;
				CURRENT_PROJECT_VERSION = 4;
				DEVELOPMENT_TEAM = P6T3BWDB2K;
				IBSC_MODULE = Cozie_WatchKit_Extension;
				INFOPLIST_FILE = "Cozie WatchKit App/Info.plist";
				LD_RUNPATH_SEARCH_PATHS = (
					"$(inherited)",
					"@executable_path/../Frameworks",
					"@loader_path/../Frameworks",
					"@executable_path/Frameworks",
				);
				MARKETING_VERSION = 1.0.0;
				ONLY_ACTIVE_ARCH = YES;
				PRODUCT_BUNDLE_IDENTIFIER = app.cozie.ios.thesh.watchkitapp;
				PRODUCT_NAME = "$(TARGET_NAME)";
				PROVISIONING_PROFILE_SPECIFIER = "";
				SDKROOT = watchos;
				SKIP_INSTALL = YES;
				SWIFT_OBJC_BRIDGING_HEADER = "Cozie/Cozie WatchKit App-Bridging-Header.h";
				SWIFT_VERSION = 5.0;
				TARGETED_DEVICE_FAMILY = 4;
				WATCHOS_DEPLOYMENT_TARGET = 7.0;
			};
			name = Release;
		};
		E4838297247BA33C002C3708 /* Debug */ = {
			isa = XCBuildConfiguration;
			baseConfigurationReference = 4BB80C40C6B15250CD0AFD92 /* Pods-Cozie.debug.xcconfig */;
			buildSettings = {
				ALWAYS_EMBED_SWIFT_STANDARD_LIBRARIES = YES;
				ASSETCATALOG_COMPILER_APPICON_NAME = AppIcon;
				CODE_SIGN_ENTITLEMENTS = Cozie/Cozie.entitlements;
				CODE_SIGN_IDENTITY = "Apple Development";
				CODE_SIGN_STYLE = Automatic;
				CURRENT_PROJECT_VERSION = 4;
				DEVELOPMENT_TEAM = P6T3BWDB2K;
				INFOPLIST_FILE = Cozie/Info.plist;
				INFOPLIST_KEY_CFBundleDisplayName = "Cozie Thesh";
				LD_RUNPATH_SEARCH_PATHS = (
					"$(inherited)",
					"@executable_path/Frameworks",
				);
				MARKETING_VERSION = 1.0.0;
				PRODUCT_BUNDLE_IDENTIFIER = app.cozie.ios.thesh;
				PRODUCT_NAME = "$(TARGET_NAME)";
				PROVISIONING_PROFILE_SPECIFIER = "";
				SWIFT_VERSION = 5.0;
				TARGETED_DEVICE_FAMILY = 1;
			};
			name = Debug;
		};
		E4838298247BA33C002C3708 /* Release */ = {
			isa = XCBuildConfiguration;
			baseConfigurationReference = 5BF82B1BDF5D667872E7DE48 /* Pods-Cozie.release.xcconfig */;
			buildSettings = {
				ALWAYS_EMBED_SWIFT_STANDARD_LIBRARIES = YES;
				ASSETCATALOG_COMPILER_APPICON_NAME = AppIcon;
				CODE_SIGN_ENTITLEMENTS = Cozie/CozieRelease.entitlements;
				CODE_SIGN_IDENTITY = "Apple Development";
				CODE_SIGN_STYLE = Automatic;
				CURRENT_PROJECT_VERSION = 4;
				DEVELOPMENT_TEAM = P6T3BWDB2K;
				GCC_OPTIMIZATION_LEVEL = 0;
				INFOPLIST_FILE = Cozie/Info.plist;
				INFOPLIST_KEY_CFBundleDisplayName = "Cozie Thesh";
				LD_RUNPATH_SEARCH_PATHS = (
					"$(inherited)",
					"@executable_path/Frameworks",
				);
				MARKETING_VERSION = 1.0.0;
				PRODUCT_BUNDLE_IDENTIFIER = app.cozie.ios.thesh;
				PRODUCT_NAME = "$(TARGET_NAME)";
				PROVISIONING_PROFILE_SPECIFIER = "";
				SWIFT_OPTIMIZATION_LEVEL = "-Onone";
				SWIFT_VERSION = 5.0;
				TARGETED_DEVICE_FAMILY = 1;
			};
			name = Release;
		};
		E483829A247BA33C002C3708 /* Debug */ = {
			isa = XCBuildConfiguration;
			baseConfigurationReference = F5D47597BF5242DB1098C356 /* Pods-CozieTests.debug.xcconfig */;
			buildSettings = {
				ALWAYS_EMBED_SWIFT_STANDARD_LIBRARIES = YES;
				BUNDLE_LOADER = "$(TEST_HOST)";
				CODE_SIGN_IDENTITY = "Apple Development";
				"CODE_SIGN_IDENTITY[sdk=macosx*]" = "Apple Development";
				CODE_SIGN_STYLE = Automatic;
				DEVELOPMENT_TEAM = P6T3BWDB2K;
				INFOPLIST_FILE = CozieTests/Info.plist;
				IPHONEOS_DEPLOYMENT_TARGET = 13.5;
				LD_RUNPATH_SEARCH_PATHS = (
					"$(inherited)",
					"@executable_path/Frameworks",
					"@loader_path/Frameworks",
				);
				PRODUCT_BUNDLE_IDENTIFIER = com.cozie.CozieTests;
				PRODUCT_NAME = "$(TARGET_NAME)";
				PROVISIONING_PROFILE_SPECIFIER = "";
				"PROVISIONING_PROFILE_SPECIFIER[sdk=macosx*]" = "";
				SWIFT_VERSION = 5.0;
				TARGETED_DEVICE_FAMILY = "1,2";
				TEST_HOST = "$(BUILT_PRODUCTS_DIR)/Cozie.app/Cozie";
			};
			name = Debug;
		};
		E483829B247BA33C002C3708 /* Release */ = {
			isa = XCBuildConfiguration;
			baseConfigurationReference = 20B3F0100A1BF6639B8DA26B /* Pods-CozieTests.release.xcconfig */;
			buildSettings = {
				ALWAYS_EMBED_SWIFT_STANDARD_LIBRARIES = YES;
				BUNDLE_LOADER = "$(TEST_HOST)";
				CODE_SIGN_IDENTITY = "Apple Development";
				"CODE_SIGN_IDENTITY[sdk=macosx*]" = "Apple Development";
				CODE_SIGN_STYLE = Automatic;
				DEVELOPMENT_TEAM = P6T3BWDB2K;
				INFOPLIST_FILE = CozieTests/Info.plist;
				IPHONEOS_DEPLOYMENT_TARGET = 13.5;
				LD_RUNPATH_SEARCH_PATHS = (
					"$(inherited)",
					"@executable_path/Frameworks",
					"@loader_path/Frameworks",
				);
				PRODUCT_BUNDLE_IDENTIFIER = com.cozie.CozieTests;
				PRODUCT_NAME = "$(TARGET_NAME)";
				PROVISIONING_PROFILE_SPECIFIER = "";
				"PROVISIONING_PROFILE_SPECIFIER[sdk=macosx*]" = "";
				SWIFT_VERSION = 5.0;
				TARGETED_DEVICE_FAMILY = "1,2";
				TEST_HOST = "$(BUILT_PRODUCTS_DIR)/Cozie.app/Cozie";
			};
			name = Release;
		};
		E483829D247BA33C002C3708 /* Debug */ = {
			isa = XCBuildConfiguration;
			baseConfigurationReference = 6369B47D4E1243CA06BCE652 /* Pods-Cozie-CozieUITests.debug.xcconfig */;
			buildSettings = {
				ALWAYS_EMBED_SWIFT_STANDARD_LIBRARIES = YES;
				CODE_SIGN_IDENTITY = "Apple Development";
				"CODE_SIGN_IDENTITY[sdk=macosx*]" = "Apple Development";
				CODE_SIGN_STYLE = Automatic;
				DEVELOPMENT_TEAM = P6T3BWDB2K;
				INFOPLIST_FILE = CozieUITests/Info.plist;
				LD_RUNPATH_SEARCH_PATHS = (
					"$(inherited)",
					"@executable_path/Frameworks",
					"@loader_path/Frameworks",
				);
				PRODUCT_BUNDLE_IDENTIFIER = com.cozie.CozieUITests;
				PRODUCT_NAME = "$(TARGET_NAME)";
				PROVISIONING_PROFILE_SPECIFIER = "";
				"PROVISIONING_PROFILE_SPECIFIER[sdk=macosx*]" = "";
				SWIFT_VERSION = 5.0;
				TARGETED_DEVICE_FAMILY = "1,2";
				TEST_TARGET_NAME = Cozie;
			};
			name = Debug;
		};
		E483829E247BA33C002C3708 /* Release */ = {
			isa = XCBuildConfiguration;
			baseConfigurationReference = 5AB05C20320F1CE38697D8EF /* Pods-Cozie-CozieUITests.release.xcconfig */;
			buildSettings = {
				ALWAYS_EMBED_SWIFT_STANDARD_LIBRARIES = YES;
				CODE_SIGN_IDENTITY = "Apple Development";
				"CODE_SIGN_IDENTITY[sdk=macosx*]" = "Apple Development";
				CODE_SIGN_STYLE = Automatic;
				DEVELOPMENT_TEAM = P6T3BWDB2K;
				INFOPLIST_FILE = CozieUITests/Info.plist;
				LD_RUNPATH_SEARCH_PATHS = (
					"$(inherited)",
					"@executable_path/Frameworks",
					"@loader_path/Frameworks",
				);
				PRODUCT_BUNDLE_IDENTIFIER = com.cozie.CozieUITests;
				PRODUCT_NAME = "$(TARGET_NAME)";
				PROVISIONING_PROFILE_SPECIFIER = "";
				"PROVISIONING_PROFILE_SPECIFIER[sdk=macosx*]" = "";
				SWIFT_VERSION = 5.0;
				TARGETED_DEVICE_FAMILY = "1,2";
				TEST_TARGET_NAME = Cozie;
			};
			name = Release;
		};
		E4C5D9DA249CA4B500228A15 /* Debug */ = {
			isa = XCBuildConfiguration;
			baseConfigurationReference = 24EBB708F02EA81173799CD6 /* Pods-OneSignalNotificationServiceExtension.debug.xcconfig */;
			buildSettings = {
				CODE_SIGN_ENTITLEMENTS = OneSignalNotificationServiceExtension/OneSignalNotificationServiceExtension.entitlements;
				CODE_SIGN_IDENTITY = "Apple Development";
				CODE_SIGN_STYLE = Automatic;
				CURRENT_PROJECT_VERSION = 4;
				DEVELOPMENT_TEAM = P6T3BWDB2K;
				INFOPLIST_FILE = OneSignalNotificationServiceExtension/Info.plist;
				LD_RUNPATH_SEARCH_PATHS = (
					"$(inherited)",
					"@executable_path/Frameworks",
					"@executable_path/../../Frameworks",
				);
				MARKETING_VERSION = 1.0.0;
				PRODUCT_BUNDLE_IDENTIFIER = app.cozie.ios.thesh.OneSignalNotificationServiceExtension;
				PRODUCT_NAME = "$(TARGET_NAME)";
				PROVISIONING_PROFILE_SPECIFIER = "";
				SKIP_INSTALL = YES;
				SWIFT_VERSION = 5.0;
				TARGETED_DEVICE_FAMILY = "1,2";
			};
			name = Debug;
		};
		E4C5D9DB249CA4B500228A15 /* Release */ = {
			isa = XCBuildConfiguration;
			baseConfigurationReference = 029739FA684C19B22A89AEA0 /* Pods-OneSignalNotificationServiceExtension.release.xcconfig */;
			buildSettings = {
				CODE_SIGN_ENTITLEMENTS = OneSignalNotificationServiceExtension/OneSignalNotificationServiceExtensionRelease.entitlements;
				CODE_SIGN_IDENTITY = "Apple Development";
				CODE_SIGN_STYLE = Automatic;
				CURRENT_PROJECT_VERSION = 4;
				DEVELOPMENT_TEAM = P6T3BWDB2K;
				INFOPLIST_FILE = OneSignalNotificationServiceExtension/Info.plist;
				LD_RUNPATH_SEARCH_PATHS = (
					"$(inherited)",
					"@executable_path/Frameworks",
					"@executable_path/../../Frameworks",
				);
				MARKETING_VERSION = 1.0.0;
				PRODUCT_BUNDLE_IDENTIFIER = app.cozie.ios.thesh.OneSignalNotificationServiceExtension;
				PRODUCT_NAME = "$(TARGET_NAME)";
				PROVISIONING_PROFILE_SPECIFIER = "";
				SKIP_INSTALL = YES;
				SWIFT_VERSION = 5.0;
				TARGETED_DEVICE_FAMILY = "1,2";
			};
			name = Release;
		};
/* End XCBuildConfiguration section */

/* Begin XCConfigurationList section */
		E483823F247BA33A002C3708 /* Build configuration list for PBXProject "Cozie" */ = {
			isa = XCConfigurationList;
			buildConfigurations = (
				E483828C247BA33C002C3708 /* Debug */,
				E483828D247BA33C002C3708 /* Release */,
			);
			defaultConfigurationIsVisible = 0;
			defaultConfigurationName = Release;
		};
		E483828E247BA33C002C3708 /* Build configuration list for PBXNativeTarget "Cozie WatchKit Extension" */ = {
			isa = XCConfigurationList;
			buildConfigurations = (
				E483828F247BA33C002C3708 /* Debug */,
				E4838290247BA33C002C3708 /* Release */,
			);
			defaultConfigurationIsVisible = 0;
			defaultConfigurationName = Release;
		};
		E4838292247BA33C002C3708 /* Build configuration list for PBXNativeTarget "Cozie WatchKit App" */ = {
			isa = XCConfigurationList;
			buildConfigurations = (
				E4838293247BA33C002C3708 /* Debug */,
				E4838294247BA33C002C3708 /* Release */,
			);
			defaultConfigurationIsVisible = 0;
			defaultConfigurationName = Release;
		};
		E4838296247BA33C002C3708 /* Build configuration list for PBXNativeTarget "Cozie Thesh" */ = {
			isa = XCConfigurationList;
			buildConfigurations = (
				E4838297247BA33C002C3708 /* Debug */,
				E4838298247BA33C002C3708 /* Release */,
			);
			defaultConfigurationIsVisible = 0;
			defaultConfigurationName = Release;
		};
		E4838299247BA33C002C3708 /* Build configuration list for PBXNativeTarget "CozieTests" */ = {
			isa = XCConfigurationList;
			buildConfigurations = (
				E483829A247BA33C002C3708 /* Debug */,
				E483829B247BA33C002C3708 /* Release */,
			);
			defaultConfigurationIsVisible = 0;
			defaultConfigurationName = Release;
		};
		E483829C247BA33C002C3708 /* Build configuration list for PBXNativeTarget "CozieUITests" */ = {
			isa = XCConfigurationList;
			buildConfigurations = (
				E483829D247BA33C002C3708 /* Debug */,
				E483829E247BA33C002C3708 /* Release */,
			);
			defaultConfigurationIsVisible = 0;
			defaultConfigurationName = Release;
		};
		E4C5D9DF249CA4B500228A15 /* Build configuration list for PBXNativeTarget "OneSignalNotificationServiceExtension" */ = {
			isa = XCConfigurationList;
			buildConfigurations = (
				E4C5D9DA249CA4B500228A15 /* Debug */,
				E4C5D9DB249CA4B500228A15 /* Release */,
			);
			defaultConfigurationIsVisible = 0;
			defaultConfigurationName = Release;
		};
/* End XCConfigurationList section */

/* Begin XCVersionGroup section */
		29C268672786C1A800DC5C22 /* Cozie.xcdatamodeld */ = {
			isa = XCVersionGroup;
			children = (
				29C268682786C1A800DC5C22 /* Cozie.xcdatamodel */,
			);
			currentVersion = 29C268682786C1A800DC5C22 /* Cozie.xcdatamodel */;
			path = Cozie.xcdatamodeld;
			sourceTree = "<group>";
			versionGroupType = wrapper.xcdatamodel;
		};
/* End XCVersionGroup section */
	};
	rootObject = E483823C247BA33A002C3708 /* Project object */;
}
